// !$*UTF8*$!
{
	archiveVersion = 1;
	classes = {
	};
	objectVersion = 50;
	objects = {

/* Begin PBXBuildFile section */
		B60204D5263AAEC600CFC752 /* ae_project_view_presenter.cpp in Sources */ = {isa = PBXBuildFile; fileRef = B60204D3263AAEC600CFC752 /* ae_project_view_presenter.cpp */; };
		B60204D6263AAEC600CFC752 /* ae_project_view_presenter.h in Headers */ = {isa = PBXBuildFile; fileRef = B60204D4263AAEC600CFC752 /* ae_project_view_presenter.h */; settings = {ATTRIBUTES = (Public, ); }; };
		B60204F6263ABBC400CFC752 /* ae_project_view_presenter_utils.cpp in Sources */ = {isa = PBXBuildFile; fileRef = B60204F4263ABBC400CFC752 /* ae_project_view_presenter_utils.cpp */; };
		B60204F7263ABBC400CFC752 /* ae_project_view_presenter_utils.h in Headers */ = {isa = PBXBuildFile; fileRef = B60204F5263ABBC400CFC752 /* ae_project_view_presenter_utils.h */; settings = {ATTRIBUTES = (Public, ); }; };
		B61E1698262C7E7E00C14668 /* ae_app_dependency.h in Headers */ = {isa = PBXBuildFile; fileRef = B61E1697262C7E7E00C14668 /* ae_app_dependency.h */; settings = {ATTRIBUTES = (Public, ); }; };
		B666CDE82634125E00C1693D /* ae_system_url.cpp in Sources */ = {isa = PBXBuildFile; fileRef = B666CDE62634125E00C1693D /* ae_system_url.cpp */; };
		B666CDE92634125E00C1693D /* ae_system_url.h in Headers */ = {isa = PBXBuildFile; fileRef = B666CDE72634125E00C1693D /* ae_system_url.h */; settings = {ATTRIBUTES = (Public, ); }; };
		B666CE0B263424FF00C1693D /* ae_file_importer_types.h in Headers */ = {isa = PBXBuildFile; fileRef = B666CE0A263424FF00C1693D /* ae_file_importer_types.h */; settings = {ATTRIBUTES = (Public, ); }; };
		B666CE1726342AD200C1693D /* CoreFoundation.framework in Frameworks */ = {isa = PBXBuildFile; fileRef = B666CE1626342AD200C1693D /* CoreFoundation.framework */; };
		B666CE352634FC8300C1693D /* ae_uuid_generator.cpp in Sources */ = {isa = PBXBuildFile; fileRef = B666CE332634FC8300C1693D /* ae_uuid_generator.cpp */; };
		B666CE362634FC8300C1693D /* ae_uuid_generator.h in Headers */ = {isa = PBXBuildFile; fileRef = B666CE342634FC8300C1693D /* ae_uuid_generator.h */; settings = {ATTRIBUTES = (Public, ); }; };
		B666CE4626350A6000C1693D /* ae_project_dependency.h in Headers */ = {isa = PBXBuildFile; fileRef = B666CE4526350A5E00C1693D /* ae_project_dependency.h */; settings = {ATTRIBUTES = (Public, ); }; };
		B666CE4C26351D7900C1693D /* ae_project_url.cpp in Sources */ = {isa = PBXBuildFile; fileRef = B666CE4A26351D7900C1693D /* ae_project_url.cpp */; };
		B666CE4D26351D7900C1693D /* ae_project_url.h in Headers */ = {isa = PBXBuildFile; fileRef = B666CE4B26351D7900C1693D /* ae_project_url.h */; settings = {ATTRIBUTES = (Public, ); }; };
		B668BE0D262DCC260021AD20 /* ae_app_types.h in Headers */ = {isa = PBXBuildFile; fileRef = B668BE0B262DCB900021AD20 /* ae_app_types.h */; settings = {ATTRIBUTES = (Public, ); }; };
		B668BE11262DD2FA0021AD20 /* ae_project_types.h in Headers */ = {isa = PBXBuildFile; fileRef = B668BE10262DD2FA0021AD20 /* ae_project_types.h */; settings = {ATTRIBUTES = (Public, ); }; };
		B668BE25262F32B60021AD20 /* ae_project_pool.cpp in Sources */ = {isa = PBXBuildFile; fileRef = B668BE23262F32B60021AD20 /* ae_project_pool.cpp */; };
		B668BE26262F32B60021AD20 /* ae_project_pool.h in Headers */ = {isa = PBXBuildFile; fileRef = B668BE24262F32B60021AD20 /* ae_project_pool.h */; settings = {ATTRIBUTES = (Public, ); }; };
		B668BE2B262F330E0021AD20 /* ae_project_pool_types.h in Headers */ = {isa = PBXBuildFile; fileRef = B668BE2A262F330C0021AD20 /* ae_project_pool_types.h */; settings = {ATTRIBUTES = (Public, ); }; };
		B668BE35262F3CFE0021AD20 /* ae_project_pool_dependency.h in Headers */ = {isa = PBXBuildFile; fileRef = B668BE34262F3CFE0021AD20 /* ae_project_pool_dependency.h */; settings = {ATTRIBUTES = (Public, ); }; };
		B668BE3F262F412B0021AD20 /* ae_app_presenter.cpp in Sources */ = {isa = PBXBuildFile; fileRef = B668BE3D262F412B0021AD20 /* ae_app_presenter.cpp */; };
		B668BE40262F412B0021AD20 /* ae_app_presenter.h in Headers */ = {isa = PBXBuildFile; fileRef = B668BE3E262F412B0021AD20 /* ae_app_presenter.h */; settings = {ATTRIBUTES = (Public, ); }; };
		B668BE51263067550021AD20 /* ae_app_presenter_utils.h in Headers */ = {isa = PBXBuildFile; fileRef = B668BE50263067550021AD20 /* ae_app_presenter_utils.h */; settings = {ATTRIBUTES = (Public, ); }; };
		B668BE56263068050021AD20 /* ae_app_presenter_types.h in Headers */ = {isa = PBXBuildFile; fileRef = B668BE55263068050021AD20 /* ae_app_presenter_types.h */; settings = {ATTRIBUTES = (Public, ); }; };
		B69708EA2639A15E0045E975 /* ae_file_importer.cpp in Sources */ = {isa = PBXBuildFile; fileRef = B69708E82639A15E0045E975 /* ae_file_importer.cpp */; };
		B69708EB2639A15E0045E975 /* ae_file_importer.h in Headers */ = {isa = PBXBuildFile; fileRef = B69708E92639A15E0045E975 /* ae_file_importer.h */; settings = {ATTRIBUTES = (Public, ); }; };
		B69708F12639B0390045E975 /* ae_file_importer_resource.cpp in Sources */ = {isa = PBXBuildFile; fileRef = B69708EF2639B0390045E975 /* ae_file_importer_resource.cpp */; };
		B69708F22639B0390045E975 /* ae_file_importer_resource.h in Headers */ = {isa = PBXBuildFile; fileRef = B69708F02639B0390045E975 /* ae_file_importer_resource.h */; settings = {ATTRIBUTES = (Public, ); }; };
		B69CF561262AC49C007A0A75 /* ae_project.cpp in Sources */ = {isa = PBXBuildFile; fileRef = B69CF55F262AC49C007A0A75 /* ae_project.cpp */; };
		B69CF562262AC49C007A0A75 /* ae_project.h in Headers */ = {isa = PBXBuildFile; fileRef = B69CF560262AC49C007A0A75 /* ae_project.h */; settings = {ATTRIBUTES = (Public, ); }; };
		B6A997462629B34E00DAC3FE /* audio_editor_core.h in Headers */ = {isa = PBXBuildFile; fileRef = B6A997442629B34E00DAC3FE /* audio_editor_core.h */; settings = {ATTRIBUTES = (Public, ); }; };
		B6A997622629B41B00DAC3FE /* audio_editor_core_umbrella.h in Headers */ = {isa = PBXBuildFile; fileRef = B6A997612629B41B00DAC3FE /* audio_editor_core_umbrella.h */; settings = {ATTRIBUTES = (Public, ); }; };
		B6A997882629B72E00DAC3FE /* audio.framework in Frameworks */ = {isa = PBXBuildFile; fileRef = B6A997802629B72E00DAC3FE /* audio.framework */; };
		B6A9978A2629B72E00DAC3FE /* cpp_utils.framework in Frameworks */ = {isa = PBXBuildFile; fileRef = B6A997812629B72E00DAC3FE /* cpp_utils.framework */; };
		B6A9978C2629B72E00DAC3FE /* db.framework in Frameworks */ = {isa = PBXBuildFile; fileRef = B6A997822629B72E00DAC3FE /* db.framework */; };
		B6A9978E2629B72E00DAC3FE /* objc_utils.framework in Frameworks */ = {isa = PBXBuildFile; fileRef = B6A997832629B72E00DAC3FE /* objc_utils.framework */; };
		B6A997902629B72E00DAC3FE /* observing.framework in Frameworks */ = {isa = PBXBuildFile; fileRef = B6A997842629B72E00DAC3FE /* observing.framework */; };
		B6A997922629B72E00DAC3FE /* playing.framework in Frameworks */ = {isa = PBXBuildFile; fileRef = B6A997852629B72E00DAC3FE /* playing.framework */; };
		B6A997942629B72E00DAC3FE /* processing.framework in Frameworks */ = {isa = PBXBuildFile; fileRef = B6A997862629B72E00DAC3FE /* processing.framework */; };
		B6A997962629B72E00DAC3FE /* ui.framework in Frameworks */ = {isa = PBXBuildFile; fileRef = B6A997872629B72E00DAC3FE /* ui.framework */; };
		B6A997B92629C07600DAC3FE /* ae_app.cpp in Sources */ = {isa = PBXBuildFile; fileRef = B6A997B72629C07600DAC3FE /* ae_app.cpp */; };
		B6A997BA2629C07600DAC3FE /* ae_app.h in Headers */ = {isa = PBXBuildFile; fileRef = B6A997B82629C07600DAC3FE /* ae_app.h */; settings = {ATTRIBUTES = (Public, ); }; };
		B6CF424F2631C38D00F9F297 /* ae_app_presenter_dependency.h in Headers */ = {isa = PBXBuildFile; fileRef = B6CF424E2631C38D00F9F297 /* ae_app_presenter_dependency.h */; settings = {ATTRIBUTES = (Public, ); }; };
		B6CF425A2632ED2A00F9F297 /* ae_window_presenter.cpp in Sources */ = {isa = PBXBuildFile; fileRef = B6CF42582632ED2A00F9F297 /* ae_window_presenter.cpp */; };
		B6CF425B2632ED2A00F9F297 /* ae_window_presenter.h in Headers */ = {isa = PBXBuildFile; fileRef = B6CF42592632ED2A00F9F297 /* ae_window_presenter.h */; settings = {ATTRIBUTES = (Public, ); }; };
/* End PBXBuildFile section */

/* Begin PBXFileReference section */
		B60204D3263AAEC600CFC752 /* ae_project_view_presenter.cpp */ = {isa = PBXFileReference; lastKnownFileType = sourcecode.cpp.cpp; path = ae_project_view_presenter.cpp; sourceTree = "<group>"; };
		B60204D4263AAEC600CFC752 /* ae_project_view_presenter.h */ = {isa = PBXFileReference; lastKnownFileType = sourcecode.c.h; path = ae_project_view_presenter.h; sourceTree = "<group>"; };
		B60204F4263ABBC400CFC752 /* ae_project_view_presenter_utils.cpp */ = {isa = PBXFileReference; lastKnownFileType = sourcecode.cpp.cpp; path = ae_project_view_presenter_utils.cpp; sourceTree = "<group>"; };
		B60204F5263ABBC400CFC752 /* ae_project_view_presenter_utils.h */ = {isa = PBXFileReference; lastKnownFileType = sourcecode.c.h; path = ae_project_view_presenter_utils.h; sourceTree = "<group>"; };
		B61E1697262C7E7E00C14668 /* ae_app_dependency.h */ = {isa = PBXFileReference; lastKnownFileType = sourcecode.c.h; path = ae_app_dependency.h; sourceTree = "<group>"; };
		B666CDE62634125E00C1693D /* ae_system_url.cpp */ = {isa = PBXFileReference; lastKnownFileType = sourcecode.cpp.cpp; path = ae_system_url.cpp; sourceTree = "<group>"; };
		B666CDE72634125E00C1693D /* ae_system_url.h */ = {isa = PBXFileReference; lastKnownFileType = sourcecode.c.h; path = ae_system_url.h; sourceTree = "<group>"; };
		B666CE0A263424FF00C1693D /* ae_file_importer_types.h */ = {isa = PBXFileReference; lastKnownFileType = sourcecode.c.h; path = ae_file_importer_types.h; sourceTree = "<group>"; };
		B666CE1626342AD200C1693D /* CoreFoundation.framework */ = {isa = PBXFileReference; lastKnownFileType = wrapper.framework; name = CoreFoundation.framework; path = System/Library/Frameworks/CoreFoundation.framework; sourceTree = SDKROOT; };
		B666CE332634FC8300C1693D /* ae_uuid_generator.cpp */ = {isa = PBXFileReference; lastKnownFileType = sourcecode.cpp.cpp; path = ae_uuid_generator.cpp; sourceTree = "<group>"; };
		B666CE342634FC8300C1693D /* ae_uuid_generator.h */ = {isa = PBXFileReference; lastKnownFileType = sourcecode.c.h; path = ae_uuid_generator.h; sourceTree = "<group>"; };
		B666CE4526350A5E00C1693D /* ae_project_dependency.h */ = {isa = PBXFileReference; lastKnownFileType = sourcecode.c.h; path = ae_project_dependency.h; sourceTree = "<group>"; };
		B666CE4A26351D7900C1693D /* ae_project_url.cpp */ = {isa = PBXFileReference; lastKnownFileType = sourcecode.cpp.cpp; path = ae_project_url.cpp; sourceTree = "<group>"; };
		B666CE4B26351D7900C1693D /* ae_project_url.h */ = {isa = PBXFileReference; lastKnownFileType = sourcecode.c.h; path = ae_project_url.h; sourceTree = "<group>"; };
		B668BE0B262DCB900021AD20 /* ae_app_types.h */ = {isa = PBXFileReference; lastKnownFileType = sourcecode.c.h; path = ae_app_types.h; sourceTree = "<group>"; };
		B668BE10262DD2FA0021AD20 /* ae_project_types.h */ = {isa = PBXFileReference; lastKnownFileType = sourcecode.c.h; path = ae_project_types.h; sourceTree = "<group>"; };
		B668BE23262F32B60021AD20 /* ae_project_pool.cpp */ = {isa = PBXFileReference; lastKnownFileType = sourcecode.cpp.cpp; path = ae_project_pool.cpp; sourceTree = "<group>"; };
		B668BE24262F32B60021AD20 /* ae_project_pool.h */ = {isa = PBXFileReference; lastKnownFileType = sourcecode.c.h; path = ae_project_pool.h; sourceTree = "<group>"; };
		B668BE2A262F330C0021AD20 /* ae_project_pool_types.h */ = {isa = PBXFileReference; lastKnownFileType = sourcecode.c.h; path = ae_project_pool_types.h; sourceTree = "<group>"; };
		B668BE34262F3CFE0021AD20 /* ae_project_pool_dependency.h */ = {isa = PBXFileReference; lastKnownFileType = sourcecode.c.h; path = ae_project_pool_dependency.h; sourceTree = "<group>"; };
		B668BE3D262F412B0021AD20 /* ae_app_presenter.cpp */ = {isa = PBXFileReference; lastKnownFileType = sourcecode.cpp.cpp; path = ae_app_presenter.cpp; sourceTree = "<group>"; };
		B668BE3E262F412B0021AD20 /* ae_app_presenter.h */ = {isa = PBXFileReference; lastKnownFileType = sourcecode.c.h; path = ae_app_presenter.h; sourceTree = "<group>"; };
		B668BE50263067550021AD20 /* ae_app_presenter_utils.h */ = {isa = PBXFileReference; lastKnownFileType = sourcecode.c.h; path = ae_app_presenter_utils.h; sourceTree = "<group>"; };
		B668BE55263068050021AD20 /* ae_app_presenter_types.h */ = {isa = PBXFileReference; lastKnownFileType = sourcecode.c.h; path = ae_app_presenter_types.h; sourceTree = "<group>"; };
		B69708E82639A15E0045E975 /* ae_file_importer.cpp */ = {isa = PBXFileReference; lastKnownFileType = sourcecode.cpp.cpp; path = ae_file_importer.cpp; sourceTree = "<group>"; };
		B69708E92639A15E0045E975 /* ae_file_importer.h */ = {isa = PBXFileReference; lastKnownFileType = sourcecode.c.h; path = ae_file_importer.h; sourceTree = "<group>"; };
		B69708EF2639B0390045E975 /* ae_file_importer_resource.cpp */ = {isa = PBXFileReference; lastKnownFileType = sourcecode.cpp.cpp; path = ae_file_importer_resource.cpp; sourceTree = "<group>"; };
		B69708F02639B0390045E975 /* ae_file_importer_resource.h */ = {isa = PBXFileReference; lastKnownFileType = sourcecode.c.h; path = ae_file_importer_resource.h; sourceTree = "<group>"; };
		B69CF55F262AC49C007A0A75 /* ae_project.cpp */ = {isa = PBXFileReference; lastKnownFileType = sourcecode.cpp.cpp; path = ae_project.cpp; sourceTree = "<group>"; };
		B69CF560262AC49C007A0A75 /* ae_project.h */ = {isa = PBXFileReference; lastKnownFileType = sourcecode.c.h; path = ae_project.h; sourceTree = "<group>"; };
		B6A997412629B34E00DAC3FE /* audio_editor_core.framework */ = {isa = PBXFileReference; explicitFileType = wrapper.framework; includeInIndex = 0; path = audio_editor_core.framework; sourceTree = BUILT_PRODUCTS_DIR; };
		B6A997442629B34E00DAC3FE /* audio_editor_core.h */ = {isa = PBXFileReference; lastKnownFileType = sourcecode.c.h; path = audio_editor_core.h; sourceTree = "<group>"; };
		B6A997452629B34E00DAC3FE /* Info.plist */ = {isa = PBXFileReference; lastKnownFileType = text.plist.xml; path = Info.plist; sourceTree = "<group>"; };
		B6A997612629B41B00DAC3FE /* audio_editor_core_umbrella.h */ = {isa = PBXFileReference; lastKnownFileType = sourcecode.c.h; path = audio_editor_core_umbrella.h; sourceTree = "<group>"; };
		B6A997802629B72E00DAC3FE /* audio.framework */ = {isa = PBXFileReference; explicitFileType = wrapper.framework; path = audio.framework; sourceTree = BUILT_PRODUCTS_DIR; };
		B6A997812629B72E00DAC3FE /* cpp_utils.framework */ = {isa = PBXFileReference; explicitFileType = wrapper.framework; path = cpp_utils.framework; sourceTree = BUILT_PRODUCTS_DIR; };
		B6A997822629B72E00DAC3FE /* db.framework */ = {isa = PBXFileReference; explicitFileType = wrapper.framework; path = db.framework; sourceTree = BUILT_PRODUCTS_DIR; };
		B6A997832629B72E00DAC3FE /* objc_utils.framework */ = {isa = PBXFileReference; explicitFileType = wrapper.framework; path = objc_utils.framework; sourceTree = BUILT_PRODUCTS_DIR; };
		B6A997842629B72E00DAC3FE /* observing.framework */ = {isa = PBXFileReference; explicitFileType = wrapper.framework; path = observing.framework; sourceTree = BUILT_PRODUCTS_DIR; };
		B6A997852629B72E00DAC3FE /* playing.framework */ = {isa = PBXFileReference; explicitFileType = wrapper.framework; path = playing.framework; sourceTree = BUILT_PRODUCTS_DIR; };
		B6A997862629B72E00DAC3FE /* processing.framework */ = {isa = PBXFileReference; explicitFileType = wrapper.framework; path = processing.framework; sourceTree = BUILT_PRODUCTS_DIR; };
		B6A997872629B72E00DAC3FE /* ui.framework */ = {isa = PBXFileReference; explicitFileType = wrapper.framework; path = ui.framework; sourceTree = BUILT_PRODUCTS_DIR; };
		B6A997B72629C07600DAC3FE /* ae_app.cpp */ = {isa = PBXFileReference; lastKnownFileType = sourcecode.cpp.cpp; path = ae_app.cpp; sourceTree = "<group>"; };
		B6A997B82629C07600DAC3FE /* ae_app.h */ = {isa = PBXFileReference; lastKnownFileType = sourcecode.c.h; path = ae_app.h; sourceTree = "<group>"; };
		B6CF424E2631C38D00F9F297 /* ae_app_presenter_dependency.h */ = {isa = PBXFileReference; lastKnownFileType = sourcecode.c.h; path = ae_app_presenter_dependency.h; sourceTree = "<group>"; };
		B6CF42582632ED2A00F9F297 /* ae_window_presenter.cpp */ = {isa = PBXFileReference; lastKnownFileType = sourcecode.cpp.cpp; path = ae_window_presenter.cpp; sourceTree = "<group>"; };
		B6CF42592632ED2A00F9F297 /* ae_window_presenter.h */ = {isa = PBXFileReference; lastKnownFileType = sourcecode.c.h; path = ae_window_presenter.h; sourceTree = "<group>"; };
/* End PBXFileReference section */

/* Begin PBXFrameworksBuildPhase section */
		B6A9973E2629B34E00DAC3FE /* Frameworks */ = {
			isa = PBXFrameworksBuildPhase;
			buildActionMask = 2147483647;
			files = (
				B6A997942629B72E00DAC3FE /* processing.framework in Frameworks */,
				B6A9978C2629B72E00DAC3FE /* db.framework in Frameworks */,
				B666CE1726342AD200C1693D /* CoreFoundation.framework in Frameworks */,
				B6A997902629B72E00DAC3FE /* observing.framework in Frameworks */,
				B6A9978A2629B72E00DAC3FE /* cpp_utils.framework in Frameworks */,
				B6A997922629B72E00DAC3FE /* playing.framework in Frameworks */,
				B6A9978E2629B72E00DAC3FE /* objc_utils.framework in Frameworks */,
				B6A997962629B72E00DAC3FE /* ui.framework in Frameworks */,
				B6A997882629B72E00DAC3FE /* audio.framework in Frameworks */,
			);
			runOnlyForDeploymentPostprocessing = 0;
		};
/* End PBXFrameworksBuildPhase section */

/* Begin PBXGroup section */
		B60204D2263AAEA000CFC752 /* project_view_presenter */ = {
			isa = PBXGroup;
			children = (
				B60204F4263ABBC400CFC752 /* ae_project_view_presenter_utils.cpp */,
				B60204F5263ABBC400CFC752 /* ae_project_view_presenter_utils.h */,
				B60204D3263AAEC600CFC752 /* ae_project_view_presenter.cpp */,
				B60204D4263AAEC600CFC752 /* ae_project_view_presenter.h */,
			);
			path = project_view_presenter;
			sourceTree = "<group>";
		};
		B634FDB7263C2C0B0096E69F /* presenters */ = {
			isa = PBXGroup;
			children = (
				B668BE3C262F41110021AD20 /* app_presenter */,
				B6CF42572632ED1800F9F297 /* window_presenter */,
				B60204D2263AAEA000CFC752 /* project_view_presenter */,
			);
			path = presenters;
			sourceTree = "<group>";
		};
		B666CDE52634124100C1693D /* utils */ = {
			isa = PBXGroup;
			children = (
				B666CDE62634125E00C1693D /* ae_system_url.cpp */,
				B666CDE72634125E00C1693D /* ae_system_url.h */,
				B666CE332634FC8300C1693D /* ae_uuid_generator.cpp */,
				B666CE342634FC8300C1693D /* ae_uuid_generator.h */,
			);
			path = utils;
			sourceTree = "<group>";
		};
		B666CE08263424DA00C1693D /* file_importer */ = {
			isa = PBXGroup;
			children = (
				B666CE0A263424FF00C1693D /* ae_file_importer_types.h */,
				B69708E82639A15E0045E975 /* ae_file_importer.cpp */,
				B69708E92639A15E0045E975 /* ae_file_importer.h */,
				B69708EF2639B0390045E975 /* ae_file_importer_resource.cpp */,
				B69708F02639B0390045E975 /* ae_file_importer_resource.h */,
			);
			path = file_importer;
			sourceTree = "<group>";
		};
		B668BE22262F32870021AD20 /* project_pool */ = {
			isa = PBXGroup;
			children = (
				B668BE34262F3CFE0021AD20 /* ae_project_pool_dependency.h */,
				B668BE2A262F330C0021AD20 /* ae_project_pool_types.h */,
				B668BE23262F32B60021AD20 /* ae_project_pool.cpp */,
				B668BE24262F32B60021AD20 /* ae_project_pool.h */,
			);
			path = project_pool;
			sourceTree = "<group>";
		};
		B668BE3C262F41110021AD20 /* app_presenter */ = {
			isa = PBXGroup;
			children = (
				B6CF424E2631C38D00F9F297 /* ae_app_presenter_dependency.h */,
				B668BE55263068050021AD20 /* ae_app_presenter_types.h */,
				B668BE50263067550021AD20 /* ae_app_presenter_utils.h */,
				B668BE3D262F412B0021AD20 /* ae_app_presenter.cpp */,
				B668BE3E262F412B0021AD20 /* ae_app_presenter.h */,
			);
			path = app_presenter;
			sourceTree = "<group>";
		};
		B69CF55E262AC48D007A0A75 /* project */ = {
			isa = PBXGroup;
			children = (
				B666CE4526350A5E00C1693D /* ae_project_dependency.h */,
				B668BE10262DD2FA0021AD20 /* ae_project_types.h */,
				B666CE4A26351D7900C1693D /* ae_project_url.cpp */,
				B666CE4B26351D7900C1693D /* ae_project_url.h */,
				B69CF55F262AC49C007A0A75 /* ae_project.cpp */,
				B69CF560262AC49C007A0A75 /* ae_project.h */,
			);
			path = project;
			sourceTree = "<group>";
		};
		B6A997352629B32E00DAC3FE = {
			isa = PBXGroup;
			children = (
				B6A997432629B34E00DAC3FE /* audio_editor_core */,
				B6A997422629B34E00DAC3FE /* Products */,
				B6A9977F2629B72E00DAC3FE /* Frameworks */,
			);
			sourceTree = "<group>";
		};
		B6A997422629B34E00DAC3FE /* Products */ = {
			isa = PBXGroup;
			children = (
				B6A997412629B34E00DAC3FE /* audio_editor_core.framework */,
			);
			name = Products;
			sourceTree = "<group>";
		};
		B6A997432629B34E00DAC3FE /* audio_editor_core */ = {
			isa = PBXGroup;
			children = (
				B6A997612629B41B00DAC3FE /* audio_editor_core_umbrella.h */,
				B6A997442629B34E00DAC3FE /* audio_editor_core.h */,
				B666CE08263424DA00C1693D /* file_importer */,
				B666CDE52634124100C1693D /* utils */,
				B634FDB7263C2C0B0096E69F /* presenters */,
				B6A997BE2629C0AA00DAC3FE /* app */,
				B668BE22262F32870021AD20 /* project_pool */,
				B69CF55E262AC48D007A0A75 /* project */,
				B6A997452629B34E00DAC3FE /* Info.plist */,
			);
			path = audio_editor_core;
			sourceTree = "<group>";
		};
		B6A9977F2629B72E00DAC3FE /* Frameworks */ = {
			isa = PBXGroup;
			children = (
				B666CE1626342AD200C1693D /* CoreFoundation.framework */,
				B6A997802629B72E00DAC3FE /* audio.framework */,
				B6A997812629B72E00DAC3FE /* cpp_utils.framework */,
				B6A997822629B72E00DAC3FE /* db.framework */,
				B6A997832629B72E00DAC3FE /* objc_utils.framework */,
				B6A997842629B72E00DAC3FE /* observing.framework */,
				B6A997852629B72E00DAC3FE /* playing.framework */,
				B6A997862629B72E00DAC3FE /* processing.framework */,
				B6A997872629B72E00DAC3FE /* ui.framework */,
			);
			name = Frameworks;
			sourceTree = "<group>";
		};
		B6A997BE2629C0AA00DAC3FE /* app */ = {
			isa = PBXGroup;
			children = (
				B61E1697262C7E7E00C14668 /* ae_app_dependency.h */,
				B668BE0B262DCB900021AD20 /* ae_app_types.h */,
				B6A997B72629C07600DAC3FE /* ae_app.cpp */,
				B6A997B82629C07600DAC3FE /* ae_app.h */,
			);
			path = app;
			sourceTree = "<group>";
		};
		B6CF42572632ED1800F9F297 /* window_presenter */ = {
			isa = PBXGroup;
			children = (
				B6CF42582632ED2A00F9F297 /* ae_window_presenter.cpp */,
				B6CF42592632ED2A00F9F297 /* ae_window_presenter.h */,
			);
			path = window_presenter;
			sourceTree = "<group>";
		};
/* End PBXGroup section */

/* Begin PBXHeadersBuildPhase section */
		B6A9973C2629B34E00DAC3FE /* Headers */ = {
			isa = PBXHeadersBuildPhase;
			buildActionMask = 2147483647;
			files = (
				B666CE0B263424FF00C1693D /* ae_file_importer_types.h in Headers */,
				B668BE11262DD2FA0021AD20 /* ae_project_types.h in Headers */,
				B666CE362634FC8300C1693D /* ae_uuid_generator.h in Headers */,
				B69708EB2639A15E0045E975 /* ae_file_importer.h in Headers */,
				B6CF425B2632ED2A00F9F297 /* ae_window_presenter.h in Headers */,
				B69CF562262AC49C007A0A75 /* ae_project.h in Headers */,
				B668BE40262F412B0021AD20 /* ae_app_presenter.h in Headers */,
				B6A997BA2629C07600DAC3FE /* ae_app.h in Headers */,
				B668BE51263067550021AD20 /* ae_app_presenter_utils.h in Headers */,
				B668BE35262F3CFE0021AD20 /* ae_project_pool_dependency.h in Headers */,
				B668BE2B262F330E0021AD20 /* ae_project_pool_types.h in Headers */,
				B666CE4626350A6000C1693D /* ae_project_dependency.h in Headers */,
				B668BE26262F32B60021AD20 /* ae_project_pool.h in Headers */,
				B6A997462629B34E00DAC3FE /* audio_editor_core.h in Headers */,
				B666CE4D26351D7900C1693D /* ae_project_url.h in Headers */,
				B668BE0D262DCC260021AD20 /* ae_app_types.h in Headers */,
				B60204D6263AAEC600CFC752 /* ae_project_view_presenter.h in Headers */,
				B668BE56263068050021AD20 /* ae_app_presenter_types.h in Headers */,
				B69708F22639B0390045E975 /* ae_file_importer_resource.h in Headers */,
				B6A997622629B41B00DAC3FE /* audio_editor_core_umbrella.h in Headers */,
				B6CF424F2631C38D00F9F297 /* ae_app_presenter_dependency.h in Headers */,
				B666CDE92634125E00C1693D /* ae_system_url.h in Headers */,
				B60204F7263ABBC400CFC752 /* ae_project_view_presenter_utils.h in Headers */,
				B61E1698262C7E7E00C14668 /* ae_app_dependency.h in Headers */,
			);
			runOnlyForDeploymentPostprocessing = 0;
		};
/* End PBXHeadersBuildPhase section */

/* Begin PBXNativeTarget section */
		B6A997402629B34E00DAC3FE /* audio_editor_core */ = {
			isa = PBXNativeTarget;
			buildConfigurationList = B6A997492629B34E00DAC3FE /* Build configuration list for PBXNativeTarget "audio_editor_core" */;
			buildPhases = (
				B6A997672629B63D00DAC3FE /* ShellScript */,
				B6A9973C2629B34E00DAC3FE /* Headers */,
				B6A9973D2629B34E00DAC3FE /* Sources */,
				B6A9973E2629B34E00DAC3FE /* Frameworks */,
				B6A9973F2629B34E00DAC3FE /* Resources */,
			);
			buildRules = (
			);
			dependencies = (
			);
			name = audio_editor_core;
			productName = audio_editor_core;
			productReference = B6A997412629B34E00DAC3FE /* audio_editor_core.framework */;
			productType = "com.apple.product-type.framework";
		};
/* End PBXNativeTarget section */

/* Begin PBXProject section */
		B6A997362629B32E00DAC3FE /* Project object */ = {
			isa = PBXProject;
			attributes = {
				LastUpgradeCheck = 1240;
				TargetAttributes = {
					B6A997402629B34E00DAC3FE = {
						CreatedOnToolsVersion = 12.4;
					};
				};
			};
			buildConfigurationList = B6A997392629B32E00DAC3FE /* Build configuration list for PBXProject "audio_editor_core" */;
			compatibilityVersion = "Xcode 9.3";
			developmentRegion = en;
			hasScannedForEncodings = 0;
			knownRegions = (
				en,
				Base,
			);
			mainGroup = B6A997352629B32E00DAC3FE;
			productRefGroup = B6A997422629B34E00DAC3FE /* Products */;
			projectDirPath = "";
			projectRoot = "";
			targets = (
				B6A997402629B34E00DAC3FE /* audio_editor_core */,
			);
		};
/* End PBXProject section */

/* Begin PBXResourcesBuildPhase section */
		B6A9973F2629B34E00DAC3FE /* Resources */ = {
			isa = PBXResourcesBuildPhase;
			buildActionMask = 2147483647;
			files = (
			);
			runOnlyForDeploymentPostprocessing = 0;
		};
/* End PBXResourcesBuildPhase section */

/* Begin PBXShellScriptBuildPhase section */
		B6A997672629B63D00DAC3FE /* ShellScript */ = {
			isa = PBXShellScriptBuildPhase;
			buildActionMask = 2147483647;
			files = (
			);
			inputFileListPaths = (
			);
			inputPaths = (
			);
			outputFileListPaths = (
			);
			outputPaths = (
			);
			runOnlyForDeploymentPostprocessing = 0;
			shellPath = /bin/sh;
			shellScript = "../script/format.sh\n";
		};
/* End PBXShellScriptBuildPhase section */

/* Begin PBXSourcesBuildPhase section */
		B6A9973D2629B34E00DAC3FE /* Sources */ = {
			isa = PBXSourcesBuildPhase;
			buildActionMask = 2147483647;
			files = (
				B69708EA2639A15E0045E975 /* ae_file_importer.cpp in Sources */,
				B60204F6263ABBC400CFC752 /* ae_project_view_presenter_utils.cpp in Sources */,
				B6CF425A2632ED2A00F9F297 /* ae_window_presenter.cpp in Sources */,
				B668BE25262F32B60021AD20 /* ae_project_pool.cpp in Sources */,
				B668BE3F262F412B0021AD20 /* ae_app_presenter.cpp in Sources */,
				B666CE352634FC8300C1693D /* ae_uuid_generator.cpp in Sources */,
				B60204D5263AAEC600CFC752 /* ae_project_view_presenter.cpp in Sources */,
				B666CDE82634125E00C1693D /* ae_system_url.cpp in Sources */,
				B69708F12639B0390045E975 /* ae_file_importer_resource.cpp in Sources */,
				B6A997B92629C07600DAC3FE /* ae_app.cpp in Sources */,
				B666CE4C26351D7900C1693D /* ae_project_url.cpp in Sources */,
				B69CF561262AC49C007A0A75 /* ae_project.cpp in Sources */,
			);
			runOnlyForDeploymentPostprocessing = 0;
		};
/* End PBXSourcesBuildPhase section */

/* Begin XCBuildConfiguration section */
		B6A9973A2629B32E00DAC3FE /* Debug */ = {
			isa = XCBuildConfiguration;
			buildSettings = {
				CLANG_WARN_BLOCK_CAPTURE_AUTORELEASING = YES;
				CLANG_WARN_BOOL_CONVERSION = YES;
				CLANG_WARN_COMMA = YES;
				CLANG_WARN_CONSTANT_CONVERSION = YES;
				CLANG_WARN_DEPRECATED_OBJC_IMPLEMENTATIONS = YES;
				CLANG_WARN_EMPTY_BODY = YES;
				CLANG_WARN_ENUM_CONVERSION = YES;
				CLANG_WARN_INFINITE_RECURSION = YES;
				CLANG_WARN_INT_CONVERSION = YES;
				CLANG_WARN_NON_LITERAL_NULL_CONVERSION = YES;
				CLANG_WARN_OBJC_IMPLICIT_RETAIN_SELF = YES;
				CLANG_WARN_OBJC_LITERAL_CONVERSION = YES;
				CLANG_WARN_QUOTED_INCLUDE_IN_FRAMEWORK_HEADER = YES;
				CLANG_WARN_RANGE_LOOP_ANALYSIS = YES;
				CLANG_WARN_STRICT_PROTOTYPES = YES;
				CLANG_WARN_SUSPICIOUS_MOVE = YES;
				CLANG_WARN_UNREACHABLE_CODE = YES;
				CLANG_WARN__DUPLICATE_METHOD_MATCH = YES;
				ENABLE_STRICT_OBJC_MSGSEND = YES;
				ENABLE_TESTABILITY = YES;
				GCC_NO_COMMON_BLOCKS = YES;
				GCC_WARN_64_TO_32_BIT_CONVERSION = YES;
				GCC_WARN_ABOUT_RETURN_TYPE = YES;
				GCC_WARN_UNDECLARED_SELECTOR = YES;
				GCC_WARN_UNINITIALIZED_AUTOS = YES;
				GCC_WARN_UNUSED_FUNCTION = YES;
				GCC_WARN_UNUSED_VARIABLE = YES;
				MACOSX_DEPLOYMENT_TARGET = 10.15;
				ONLY_ACTIVE_ARCH = YES;
			};
			name = Debug;
		};
		B6A9973B2629B32E00DAC3FE /* Release */ = {
			isa = XCBuildConfiguration;
			buildSettings = {
				CLANG_WARN_BLOCK_CAPTURE_AUTORELEASING = YES;
				CLANG_WARN_BOOL_CONVERSION = YES;
				CLANG_WARN_COMMA = YES;
				CLANG_WARN_CONSTANT_CONVERSION = YES;
				CLANG_WARN_DEPRECATED_OBJC_IMPLEMENTATIONS = YES;
				CLANG_WARN_EMPTY_BODY = YES;
				CLANG_WARN_ENUM_CONVERSION = YES;
				CLANG_WARN_INFINITE_RECURSION = YES;
				CLANG_WARN_INT_CONVERSION = YES;
				CLANG_WARN_NON_LITERAL_NULL_CONVERSION = YES;
				CLANG_WARN_OBJC_IMPLICIT_RETAIN_SELF = YES;
				CLANG_WARN_OBJC_LITERAL_CONVERSION = YES;
				CLANG_WARN_QUOTED_INCLUDE_IN_FRAMEWORK_HEADER = YES;
				CLANG_WARN_RANGE_LOOP_ANALYSIS = YES;
				CLANG_WARN_STRICT_PROTOTYPES = YES;
				CLANG_WARN_SUSPICIOUS_MOVE = YES;
				CLANG_WARN_UNREACHABLE_CODE = YES;
				CLANG_WARN__DUPLICATE_METHOD_MATCH = YES;
				ENABLE_STRICT_OBJC_MSGSEND = YES;
				GCC_NO_COMMON_BLOCKS = YES;
				GCC_WARN_64_TO_32_BIT_CONVERSION = YES;
				GCC_WARN_ABOUT_RETURN_TYPE = YES;
				GCC_WARN_UNDECLARED_SELECTOR = YES;
				GCC_WARN_UNINITIALIZED_AUTOS = YES;
				GCC_WARN_UNUSED_FUNCTION = YES;
				GCC_WARN_UNUSED_VARIABLE = YES;
				MACOSX_DEPLOYMENT_TARGET = 10.15;
			};
			name = Release;
		};
		B6A997472629B34E00DAC3FE /* Debug */ = {
			isa = XCBuildConfiguration;
			buildSettings = {
				ALWAYS_SEARCH_USER_PATHS = NO;
				CLANG_ANALYZER_NONNULL = YES;
				CLANG_ANALYZER_NUMBER_OBJECT_CONVERSION = YES_AGGRESSIVE;
				CLANG_CXX_LANGUAGE_STANDARD = "gnu++17";
				CLANG_CXX_LIBRARY = "libc++";
				CLANG_ENABLE_MODULES = YES;
				CLANG_ENABLE_OBJC_ARC = YES;
				CLANG_ENABLE_OBJC_WEAK = YES;
				CLANG_WARN_BLOCK_CAPTURE_AUTORELEASING = YES;
				CLANG_WARN_BOOL_CONVERSION = YES;
				CLANG_WARN_COMMA = YES;
				CLANG_WARN_CONSTANT_CONVERSION = YES;
				CLANG_WARN_DEPRECATED_OBJC_IMPLEMENTATIONS = YES;
				CLANG_WARN_DIRECT_OBJC_ISA_USAGE = YES_ERROR;
				CLANG_WARN_DOCUMENTATION_COMMENTS = YES;
				CLANG_WARN_EMPTY_BODY = YES;
				CLANG_WARN_ENUM_CONVERSION = YES;
				CLANG_WARN_INFINITE_RECURSION = YES;
				CLANG_WARN_INT_CONVERSION = YES;
				CLANG_WARN_NON_LITERAL_NULL_CONVERSION = YES;
				CLANG_WARN_OBJC_IMPLICIT_RETAIN_SELF = YES;
				CLANG_WARN_OBJC_LITERAL_CONVERSION = YES;
				CLANG_WARN_OBJC_ROOT_CLASS = YES_ERROR;
				CLANG_WARN_QUOTED_INCLUDE_IN_FRAMEWORK_HEADER = YES;
				CLANG_WARN_RANGE_LOOP_ANALYSIS = YES;
				CLANG_WARN_STRICT_PROTOTYPES = YES;
				CLANG_WARN_SUSPICIOUS_MOVE = YES;
				CLANG_WARN_UNGUARDED_AVAILABILITY = YES_AGGRESSIVE;
				CLANG_WARN_UNREACHABLE_CODE = YES;
				CLANG_WARN__DUPLICATE_METHOD_MATCH = YES;
				CODE_SIGN_IDENTITY = "-";
				CODE_SIGN_STYLE = Automatic;
				COMBINE_HIDPI_IMAGES = YES;
				COPY_PHASE_STRIP = NO;
				CURRENT_PROJECT_VERSION = 1;
				DEBUG_INFORMATION_FORMAT = dwarf;
				DEFINES_MODULE = YES;
				DEVELOPMENT_TEAM = WVVR5YE53F;
				DYLIB_COMPATIBILITY_VERSION = 1;
				DYLIB_CURRENT_VERSION = 1;
				DYLIB_INSTALL_NAME_BASE = "@rpath";
				ENABLE_STRICT_OBJC_MSGSEND = YES;
				ENABLE_TESTABILITY = YES;
				GCC_C_LANGUAGE_STANDARD = gnu11;
				GCC_DYNAMIC_NO_PIC = NO;
				GCC_NO_COMMON_BLOCKS = YES;
				GCC_OPTIMIZATION_LEVEL = 0;
				GCC_PREPROCESSOR_DEFINITIONS = (
					"DEBUG=1",
					"$(inherited)",
				);
				GCC_WARN_64_TO_32_BIT_CONVERSION = YES;
				GCC_WARN_ABOUT_RETURN_TYPE = YES_ERROR;
				GCC_WARN_UNDECLARED_SELECTOR = YES;
				GCC_WARN_UNINITIALIZED_AUTOS = YES_AGGRESSIVE;
				GCC_WARN_UNUSED_FUNCTION = YES;
				GCC_WARN_UNUSED_VARIABLE = YES;
				INFOPLIST_FILE = audio_editor_core/Info.plist;
				INSTALL_PATH = "$(LOCAL_LIBRARY_DIR)/Frameworks";
				LD_RUNPATH_SEARCH_PATHS = (
					"$(inherited)",
					"@executable_path/../Frameworks",
					"@loader_path/Frameworks",
				);
				MTL_ENABLE_DEBUG_INFO = INCLUDE_SOURCE;
				MTL_FAST_MATH = YES;
				ONLY_ACTIVE_ARCH = YES;
				PRODUCT_BUNDLE_IDENTIFIER = "jp.objective-audio.audio-editor-core";
				PRODUCT_NAME = "$(TARGET_NAME:c99extidentifier)";
				SDKROOT = macosx;
				SKIP_INSTALL = YES;
				VERSIONING_SYSTEM = "apple-generic";
				VERSION_INFO_PREFIX = "";
			};
			name = Debug;
		};
		B6A997482629B34E00DAC3FE /* Release */ = {
			isa = XCBuildConfiguration;
			buildSettings = {
				ALWAYS_SEARCH_USER_PATHS = NO;
				CLANG_ANALYZER_NONNULL = YES;
				CLANG_ANALYZER_NUMBER_OBJECT_CONVERSION = YES_AGGRESSIVE;
				CLANG_CXX_LANGUAGE_STANDARD = "gnu++17";
				CLANG_CXX_LIBRARY = "libc++";
				CLANG_ENABLE_MODULES = YES;
				CLANG_ENABLE_OBJC_ARC = YES;
				CLANG_ENABLE_OBJC_WEAK = YES;
				CLANG_WARN_BLOCK_CAPTURE_AUTORELEASING = YES;
				CLANG_WARN_BOOL_CONVERSION = YES;
				CLANG_WARN_COMMA = YES;
				CLANG_WARN_CONSTANT_CONVERSION = YES;
				CLANG_WARN_DEPRECATED_OBJC_IMPLEMENTATIONS = YES;
				CLANG_WARN_DIRECT_OBJC_ISA_USAGE = YES_ERROR;
				CLANG_WARN_DOCUMENTATION_COMMENTS = YES;
				CLANG_WARN_EMPTY_BODY = YES;
				CLANG_WARN_ENUM_CONVERSION = YES;
				CLANG_WARN_INFINITE_RECURSION = YES;
				CLANG_WARN_INT_CONVERSION = YES;
				CLANG_WARN_NON_LITERAL_NULL_CONVERSION = YES;
				CLANG_WARN_OBJC_IMPLICIT_RETAIN_SELF = YES;
				CLANG_WARN_OBJC_LITERAL_CONVERSION = YES;
				CLANG_WARN_OBJC_ROOT_CLASS = YES_ERROR;
				CLANG_WARN_QUOTED_INCLUDE_IN_FRAMEWORK_HEADER = YES;
				CLANG_WARN_RANGE_LOOP_ANALYSIS = YES;
				CLANG_WARN_STRICT_PROTOTYPES = YES;
				CLANG_WARN_SUSPICIOUS_MOVE = YES;
				CLANG_WARN_UNGUARDED_AVAILABILITY = YES_AGGRESSIVE;
				CLANG_WARN_UNREACHABLE_CODE = YES;
				CLANG_WARN__DUPLICATE_METHOD_MATCH = YES;
				CODE_SIGN_IDENTITY = "-";
				CODE_SIGN_STYLE = Automatic;
				COMBINE_HIDPI_IMAGES = YES;
				COPY_PHASE_STRIP = NO;
				CURRENT_PROJECT_VERSION = 1;
				DEBUG_INFORMATION_FORMAT = "dwarf-with-dsym";
				DEFINES_MODULE = YES;
				DEVELOPMENT_TEAM = WVVR5YE53F;
				DYLIB_COMPATIBILITY_VERSION = 1;
				DYLIB_CURRENT_VERSION = 1;
				DYLIB_INSTALL_NAME_BASE = "@rpath";
				ENABLE_NS_ASSERTIONS = NO;
				ENABLE_STRICT_OBJC_MSGSEND = YES;
				GCC_C_LANGUAGE_STANDARD = gnu11;
				GCC_NO_COMMON_BLOCKS = YES;
				GCC_WARN_64_TO_32_BIT_CONVERSION = YES;
				GCC_WARN_ABOUT_RETURN_TYPE = YES_ERROR;
				GCC_WARN_UNDECLARED_SELECTOR = YES;
				GCC_WARN_UNINITIALIZED_AUTOS = YES_AGGRESSIVE;
				GCC_WARN_UNUSED_FUNCTION = YES;
				GCC_WARN_UNUSED_VARIABLE = YES;
				INFOPLIST_FILE = audio_editor_core/Info.plist;
				INSTALL_PATH = "$(LOCAL_LIBRARY_DIR)/Frameworks";
				LD_RUNPATH_SEARCH_PATHS = (
					"$(inherited)",
					"@executable_path/../Frameworks",
					"@loader_path/Frameworks",
				);
				MTL_ENABLE_DEBUG_INFO = NO;
				MTL_FAST_MATH = YES;
				PRODUCT_BUNDLE_IDENTIFIER = "jp.objective-audio.audio-editor-core";
				PRODUCT_NAME = "$(TARGET_NAME:c99extidentifier)";
				SDKROOT = macosx;
				SKIP_INSTALL = YES;
				VERSIONING_SYSTEM = "apple-generic";
				VERSION_INFO_PREFIX = "";
			};
			name = Release;
		};
/* End XCBuildConfiguration section */

/* Begin XCConfigurationList section */
		B6A997392629B32E00DAC3FE /* Build configuration list for PBXProject "audio_editor_core" */ = {
			isa = XCConfigurationList;
			buildConfigurations = (
				B6A9973A2629B32E00DAC3FE /* Debug */,
				B6A9973B2629B32E00DAC3FE /* Release */,
			);
			defaultConfigurationIsVisible = 0;
			defaultConfigurationName = Release;
		};
		B6A997492629B34E00DAC3FE /* Build configuration list for PBXNativeTarget "audio_editor_core" */ = {
			isa = XCConfigurationList;
			buildConfigurations = (
				B6A997472629B34E00DAC3FE /* Debug */,
				B6A997482629B34E00DAC3FE /* Release */,
			);
			defaultConfigurationIsVisible = 0;
			defaultConfigurationName = Release;
		};
/* End XCConfigurationList section */
	};
	rootObject = B6A997362629B32E00DAC3FE /* Project object */;
}
