// !$*UTF8*$!
{
	archiveVersion = 1;
	classes = {
	};
	objectVersion = 50;
	objects = {

/* Begin PBXBuildFile section */
		B6690A27262A846600E86353 /* Window.storyboard in Resources */ = {isa = PBXBuildFile; fileRef = B6690A26262A846600E86353 /* Window.storyboard */; };
		B69CF582262ACC90007A0A75 /* UniformTypeIdentifiers.framework in Frameworks */ = {isa = PBXBuildFile; fileRef = B69CF581262ACC90007A0A75 /* UniformTypeIdentifiers.framework */; };
		B69CF592262AE2EB007A0A75 /* AEWindowController.mm in Sources */ = {isa = PBXBuildFile; fileRef = B69CF591262AE2EB007A0A75 /* AEWindowController.mm */; };
		B6A997202629B28300DAC3FE /* AppDelegate.mm in Sources */ = {isa = PBXBuildFile; fileRef = B6A9971F2629B28300DAC3FE /* AppDelegate.mm */; };
		B6A997232629B28300DAC3FE /* ViewController.mm in Sources */ = {isa = PBXBuildFile; fileRef = B6A997222629B28300DAC3FE /* ViewController.mm */; };
		B6A997252629B28A00DAC3FE /* Assets.xcassets in Resources */ = {isa = PBXBuildFile; fileRef = B6A997242629B28A00DAC3FE /* Assets.xcassets */; };
		B6A997282629B28A00DAC3FE /* Main.storyboard in Resources */ = {isa = PBXBuildFile; fileRef = B6A997262629B28A00DAC3FE /* Main.storyboard */; };
		B6A9972B2629B28A00DAC3FE /* main.m in Sources */ = {isa = PBXBuildFile; fileRef = B6A9972A2629B28A00DAC3FE /* main.m */; };
		B6A997A42629B75E00DAC3FE /* audio_editor_core.framework in Frameworks */ = {isa = PBXBuildFile; fileRef = B6A9979B2629B75E00DAC3FE /* audio_editor_core.framework */; };
		B6A997A52629B75E00DAC3FE /* audio_editor_core.framework in Embed Frameworks */ = {isa = PBXBuildFile; fileRef = B6A9979B2629B75E00DAC3FE /* audio_editor_core.framework */; settings = {ATTRIBUTES = (CodeSignOnCopy, RemoveHeadersOnCopy, ); }; };
		B6A997A62629B75E00DAC3FE /* audio.framework in Frameworks */ = {isa = PBXBuildFile; fileRef = B6A9979C2629B75E00DAC3FE /* audio.framework */; };
		B6A997A72629B75E00DAC3FE /* audio.framework in Embed Frameworks */ = {isa = PBXBuildFile; fileRef = B6A9979C2629B75E00DAC3FE /* audio.framework */; settings = {ATTRIBUTES = (CodeSignOnCopy, RemoveHeadersOnCopy, ); }; };
		B6A997A82629B75E00DAC3FE /* cpp_utils.framework in Frameworks */ = {isa = PBXBuildFile; fileRef = B6A9979D2629B75E00DAC3FE /* cpp_utils.framework */; };
		B6A997A92629B75E00DAC3FE /* cpp_utils.framework in Embed Frameworks */ = {isa = PBXBuildFile; fileRef = B6A9979D2629B75E00DAC3FE /* cpp_utils.framework */; settings = {ATTRIBUTES = (CodeSignOnCopy, RemoveHeadersOnCopy, ); }; };
		B6A997AA2629B75E00DAC3FE /* db.framework in Frameworks */ = {isa = PBXBuildFile; fileRef = B6A9979E2629B75E00DAC3FE /* db.framework */; };
		B6A997AB2629B75E00DAC3FE /* db.framework in Embed Frameworks */ = {isa = PBXBuildFile; fileRef = B6A9979E2629B75E00DAC3FE /* db.framework */; settings = {ATTRIBUTES = (CodeSignOnCopy, RemoveHeadersOnCopy, ); }; };
		B6A997AC2629B75E00DAC3FE /* objc_utils.framework in Frameworks */ = {isa = PBXBuildFile; fileRef = B6A9979F2629B75E00DAC3FE /* objc_utils.framework */; };
		B6A997AD2629B75E00DAC3FE /* objc_utils.framework in Embed Frameworks */ = {isa = PBXBuildFile; fileRef = B6A9979F2629B75E00DAC3FE /* objc_utils.framework */; settings = {ATTRIBUTES = (CodeSignOnCopy, RemoveHeadersOnCopy, ); }; };
		B6A997AE2629B75E00DAC3FE /* observing.framework in Frameworks */ = {isa = PBXBuildFile; fileRef = B6A997A02629B75E00DAC3FE /* observing.framework */; };
		B6A997AF2629B75E00DAC3FE /* observing.framework in Embed Frameworks */ = {isa = PBXBuildFile; fileRef = B6A997A02629B75E00DAC3FE /* observing.framework */; settings = {ATTRIBUTES = (CodeSignOnCopy, RemoveHeadersOnCopy, ); }; };
		B6A997B02629B75E00DAC3FE /* playing.framework in Frameworks */ = {isa = PBXBuildFile; fileRef = B6A997A12629B75E00DAC3FE /* playing.framework */; };
		B6A997B12629B75E00DAC3FE /* playing.framework in Embed Frameworks */ = {isa = PBXBuildFile; fileRef = B6A997A12629B75E00DAC3FE /* playing.framework */; settings = {ATTRIBUTES = (CodeSignOnCopy, RemoveHeadersOnCopy, ); }; };
		B6A997B22629B75E00DAC3FE /* processing.framework in Frameworks */ = {isa = PBXBuildFile; fileRef = B6A997A22629B75E00DAC3FE /* processing.framework */; };
		B6A997B32629B75E00DAC3FE /* processing.framework in Embed Frameworks */ = {isa = PBXBuildFile; fileRef = B6A997A22629B75E00DAC3FE /* processing.framework */; settings = {ATTRIBUTES = (CodeSignOnCopy, RemoveHeadersOnCopy, ); }; };
		B6A997B42629B75E00DAC3FE /* ui.framework in Frameworks */ = {isa = PBXBuildFile; fileRef = B6A997A32629B75E00DAC3FE /* ui.framework */; };
		B6A997B52629B75E00DAC3FE /* ui.framework in Embed Frameworks */ = {isa = PBXBuildFile; fileRef = B6A997A32629B75E00DAC3FE /* ui.framework */; settings = {ATTRIBUTES = (CodeSignOnCopy, RemoveHeadersOnCopy, ); }; };
/* End PBXBuildFile section */

/* Begin PBXCopyFilesBuildPhase section */
		B6A997B62629B75E00DAC3FE /* Embed Frameworks */ = {
			isa = PBXCopyFilesBuildPhase;
			buildActionMask = 2147483647;
			dstPath = "";
			dstSubfolderSpec = 10;
			files = (
				B6A997B12629B75E00DAC3FE /* playing.framework in Embed Frameworks */,
				B6A997A92629B75E00DAC3FE /* cpp_utils.framework in Embed Frameworks */,
				B6A997AD2629B75E00DAC3FE /* objc_utils.framework in Embed Frameworks */,
				B6A997AF2629B75E00DAC3FE /* observing.framework in Embed Frameworks */,
				B6A997A52629B75E00DAC3FE /* audio_editor_core.framework in Embed Frameworks */,
				B6A997B52629B75E00DAC3FE /* ui.framework in Embed Frameworks */,
				B6A997B32629B75E00DAC3FE /* processing.framework in Embed Frameworks */,
				B6A997AB2629B75E00DAC3FE /* db.framework in Embed Frameworks */,
				B6A997A72629B75E00DAC3FE /* audio.framework in Embed Frameworks */,
			);
			name = "Embed Frameworks";
			runOnlyForDeploymentPostprocessing = 0;
		};
/* End PBXCopyFilesBuildPhase section */

/* Begin PBXFileReference section */
		B6690A26262A846600E86353 /* Window.storyboard */ = {isa = PBXFileReference; lastKnownFileType = file.storyboard; path = Window.storyboard; sourceTree = "<group>"; };
		B69CF581262ACC90007A0A75 /* UniformTypeIdentifiers.framework */ = {isa = PBXFileReference; lastKnownFileType = wrapper.framework; name = UniformTypeIdentifiers.framework; path = System/Library/Frameworks/UniformTypeIdentifiers.framework; sourceTree = SDKROOT; };
		B69CF590262AE2EB007A0A75 /* AEWindowController.h */ = {isa = PBXFileReference; lastKnownFileType = sourcecode.c.h; path = AEWindowController.h; sourceTree = "<group>"; };
		B69CF591262AE2EB007A0A75 /* AEWindowController.mm */ = {isa = PBXFileReference; lastKnownFileType = sourcecode.cpp.objcpp; path = AEWindowController.mm; sourceTree = "<group>"; };
		B6A9971B2629B28300DAC3FE /* Audio Editor.app */ = {isa = PBXFileReference; explicitFileType = wrapper.application; includeInIndex = 0; path = "Audio Editor.app"; sourceTree = BUILT_PRODUCTS_DIR; };
		B6A9971E2629B28300DAC3FE /* AppDelegate.h */ = {isa = PBXFileReference; lastKnownFileType = sourcecode.c.h; path = AppDelegate.h; sourceTree = "<group>"; };
		B6A9971F2629B28300DAC3FE /* AppDelegate.mm */ = {isa = PBXFileReference; lastKnownFileType = sourcecode.cpp.objcpp; path = AppDelegate.mm; sourceTree = "<group>"; };
		B6A997212629B28300DAC3FE /* ViewController.h */ = {isa = PBXFileReference; lastKnownFileType = sourcecode.c.h; path = ViewController.h; sourceTree = "<group>"; };
		B6A997222629B28300DAC3FE /* ViewController.mm */ = {isa = PBXFileReference; lastKnownFileType = sourcecode.cpp.objcpp; path = ViewController.mm; sourceTree = "<group>"; };
		B6A997242629B28A00DAC3FE /* Assets.xcassets */ = {isa = PBXFileReference; lastKnownFileType = folder.assetcatalog; path = Assets.xcassets; sourceTree = "<group>"; };
		B6A997272629B28A00DAC3FE /* Base */ = {isa = PBXFileReference; lastKnownFileType = file.storyboard; name = Base; path = Base.lproj/Main.storyboard; sourceTree = "<group>"; };
		B6A997292629B28A00DAC3FE /* Info.plist */ = {isa = PBXFileReference; lastKnownFileType = text.plist.xml; path = Info.plist; sourceTree = "<group>"; };
		B6A9972A2629B28A00DAC3FE /* main.m */ = {isa = PBXFileReference; lastKnownFileType = sourcecode.c.objc; path = main.m; sourceTree = "<group>"; };
		B6A9972C2629B28A00DAC3FE /* audio_editor.entitlements */ = {isa = PBXFileReference; lastKnownFileType = text.plist.entitlements; path = audio_editor.entitlements; sourceTree = "<group>"; };
		B6A9979B2629B75E00DAC3FE /* audio_editor_core.framework */ = {isa = PBXFileReference; explicitFileType = wrapper.framework; path = audio_editor_core.framework; sourceTree = BUILT_PRODUCTS_DIR; };
		B6A9979C2629B75E00DAC3FE /* audio.framework */ = {isa = PBXFileReference; explicitFileType = wrapper.framework; path = audio.framework; sourceTree = BUILT_PRODUCTS_DIR; };
		B6A9979D2629B75E00DAC3FE /* cpp_utils.framework */ = {isa = PBXFileReference; explicitFileType = wrapper.framework; path = cpp_utils.framework; sourceTree = BUILT_PRODUCTS_DIR; };
		B6A9979E2629B75E00DAC3FE /* db.framework */ = {isa = PBXFileReference; explicitFileType = wrapper.framework; path = db.framework; sourceTree = BUILT_PRODUCTS_DIR; };
		B6A9979F2629B75E00DAC3FE /* objc_utils.framework */ = {isa = PBXFileReference; explicitFileType = wrapper.framework; path = objc_utils.framework; sourceTree = BUILT_PRODUCTS_DIR; };
		B6A997A02629B75E00DAC3FE /* observing.framework */ = {isa = PBXFileReference; explicitFileType = wrapper.framework; path = observing.framework; sourceTree = BUILT_PRODUCTS_DIR; };
		B6A997A12629B75E00DAC3FE /* playing.framework */ = {isa = PBXFileReference; explicitFileType = wrapper.framework; path = playing.framework; sourceTree = BUILT_PRODUCTS_DIR; };
		B6A997A22629B75E00DAC3FE /* processing.framework */ = {isa = PBXFileReference; explicitFileType = wrapper.framework; path = processing.framework; sourceTree = BUILT_PRODUCTS_DIR; };
		B6A997A32629B75E00DAC3FE /* ui.framework */ = {isa = PBXFileReference; explicitFileType = wrapper.framework; path = ui.framework; sourceTree = BUILT_PRODUCTS_DIR; };
/* End PBXFileReference section */

/* Begin PBXFrameworksBuildPhase section */
		B6A997182629B28300DAC3FE /* Frameworks */ = {
			isa = PBXFrameworksBuildPhase;
			buildActionMask = 2147483647;
			files = (
				B6A997B02629B75E00DAC3FE /* playing.framework in Frameworks */,
				B6A997A82629B75E00DAC3FE /* cpp_utils.framework in Frameworks */,
				B6A997AC2629B75E00DAC3FE /* objc_utils.framework in Frameworks */,
				B6A997AE2629B75E00DAC3FE /* observing.framework in Frameworks */,
				B69CF582262ACC90007A0A75 /* UniformTypeIdentifiers.framework in Frameworks */,
				B6A997A42629B75E00DAC3FE /* audio_editor_core.framework in Frameworks */,
				B6A997B42629B75E00DAC3FE /* ui.framework in Frameworks */,
				B6A997B22629B75E00DAC3FE /* processing.framework in Frameworks */,
				B6A997AA2629B75E00DAC3FE /* db.framework in Frameworks */,
				B6A997A62629B75E00DAC3FE /* audio.framework in Frameworks */,
			);
			runOnlyForDeploymentPostprocessing = 0;
		};
/* End PBXFrameworksBuildPhase section */

/* Begin PBXGroup section */
		B6A997122629B28300DAC3FE = {
			isa = PBXGroup;
			children = (
				B6A9971D2629B28300DAC3FE /* audio_editor */,
				B6A9971C2629B28300DAC3FE /* Products */,
				B6A9979A2629B75E00DAC3FE /* Frameworks */,
			);
			sourceTree = "<group>";
		};
		B6A9971C2629B28300DAC3FE /* Products */ = {
			isa = PBXGroup;
			children = (
				B6A9971B2629B28300DAC3FE /* Audio Editor.app */,
			);
			name = Products;
			sourceTree = "<group>";
		};
		B6A9971D2629B28300DAC3FE /* audio_editor */ = {
			isa = PBXGroup;
			children = (
				B6A9971E2629B28300DAC3FE /* AppDelegate.h */,
				B6A9971F2629B28300DAC3FE /* AppDelegate.mm */,
				B69CF590262AE2EB007A0A75 /* AEWindowController.h */,
				B69CF591262AE2EB007A0A75 /* AEWindowController.mm */,
				B6A997212629B28300DAC3FE /* ViewController.h */,
				B6A997222629B28300DAC3FE /* ViewController.mm */,
				B6A997242629B28A00DAC3FE /* Assets.xcassets */,
				B6A997262629B28A00DAC3FE /* Main.storyboard */,
				B6690A26262A846600E86353 /* Window.storyboard */,
				B6A997292629B28A00DAC3FE /* Info.plist */,
				B6A9972A2629B28A00DAC3FE /* main.m */,
				B6A9972C2629B28A00DAC3FE /* audio_editor.entitlements */,
			);
			path = audio_editor;
			sourceTree = "<group>";
		};
		B6A9979A2629B75E00DAC3FE /* Frameworks */ = {
			isa = PBXGroup;
			children = (
				B69CF581262ACC90007A0A75 /* UniformTypeIdentifiers.framework */,
				B6A9979B2629B75E00DAC3FE /* audio_editor_core.framework */,
				B6A9979C2629B75E00DAC3FE /* audio.framework */,
				B6A9979D2629B75E00DAC3FE /* cpp_utils.framework */,
				B6A9979E2629B75E00DAC3FE /* db.framework */,
				B6A9979F2629B75E00DAC3FE /* objc_utils.framework */,
				B6A997A02629B75E00DAC3FE /* observing.framework */,
				B6A997A12629B75E00DAC3FE /* playing.framework */,
				B6A997A22629B75E00DAC3FE /* processing.framework */,
				B6A997A32629B75E00DAC3FE /* ui.framework */,
			);
			name = Frameworks;
			sourceTree = "<group>";
		};
/* End PBXGroup section */

/* Begin PBXNativeTarget section */
		B6A9971A2629B28300DAC3FE /* audio_editor */ = {
			isa = PBXNativeTarget;
			buildConfigurationList = B6A9972F2629B28A00DAC3FE /* Build configuration list for PBXNativeTarget "audio_editor" */;
			buildPhases = (
				B6A997652629B60B00DAC3FE /* ShellScript */,
				B6A997172629B28300DAC3FE /* Sources */,
				B6A997182629B28300DAC3FE /* Frameworks */,
				B6A997192629B28300DAC3FE /* Resources */,
				B6A997B62629B75E00DAC3FE /* Embed Frameworks */,
			);
			buildRules = (
			);
			dependencies = (
			);
			name = audio_editor;
			productName = audio_editor;
			productReference = B6A9971B2629B28300DAC3FE /* Audio Editor.app */;
			productType = "com.apple.product-type.application";
		};
/* End PBXNativeTarget section */

/* Begin PBXProject section */
		B6A997132629B28300DAC3FE /* Project object */ = {
			isa = PBXProject;
			attributes = {
				LastUpgradeCheck = 1240;
				TargetAttributes = {
					B6A9971A2629B28300DAC3FE = {
						CreatedOnToolsVersion = 12.4;
					};
				};
			};
			buildConfigurationList = B6A997162629B28300DAC3FE /* Build configuration list for PBXProject "audio_editor" */;
			compatibilityVersion = "Xcode 9.3";
			developmentRegion = en;
			hasScannedForEncodings = 0;
			knownRegions = (
				en,
				Base,
			);
			mainGroup = B6A997122629B28300DAC3FE;
			productRefGroup = B6A9971C2629B28300DAC3FE /* Products */;
			projectDirPath = "";
			projectRoot = "";
			targets = (
				B6A9971A2629B28300DAC3FE /* audio_editor */,
			);
		};
/* End PBXProject section */

/* Begin PBXResourcesBuildPhase section */
		B6A997192629B28300DAC3FE /* Resources */ = {
			isa = PBXResourcesBuildPhase;
			buildActionMask = 2147483647;
			files = (
				B6690A27262A846600E86353 /* Window.storyboard in Resources */,
				B6A997252629B28A00DAC3FE /* Assets.xcassets in Resources */,
				B6A997282629B28A00DAC3FE /* Main.storyboard in Resources */,
			);
			runOnlyForDeploymentPostprocessing = 0;
		};
/* End PBXResourcesBuildPhase section */

/* Begin PBXShellScriptBuildPhase section */
		B6A997652629B60B00DAC3FE /* ShellScript */ = {
			isa = PBXShellScriptBuildPhase;
			buildActionMask = 2147483647;
			files = (
			);
			inputFileListPaths = (
			);
			inputPaths = (
			);
			outputFileListPaths = (
			);
			outputPaths = (
			);
			runOnlyForDeploymentPostprocessing = 0;
			shellPath = /bin/sh;
			shellScript = "../script/format.sh\n";
		};
/* End PBXShellScriptBuildPhase section */

/* Begin PBXSourcesBuildPhase section */
		B6A997172629B28300DAC3FE /* Sources */ = {
			isa = PBXSourcesBuildPhase;
			buildActionMask = 2147483647;
			files = (
				B6A997232629B28300DAC3FE /* ViewController.mm in Sources */,
				B69CF592262AE2EB007A0A75 /* AEWindowController.mm in Sources */,
				B6A9972B2629B28A00DAC3FE /* main.m in Sources */,
				B6A997202629B28300DAC3FE /* AppDelegate.mm in Sources */,
			);
			runOnlyForDeploymentPostprocessing = 0;
		};
/* End PBXSourcesBuildPhase section */

/* Begin PBXVariantGroup section */
		B6A997262629B28A00DAC3FE /* Main.storyboard */ = {
			isa = PBXVariantGroup;
			children = (
				B6A997272629B28A00DAC3FE /* Base */,
			);
			name = Main.storyboard;
			sourceTree = "<group>";
		};
/* End PBXVariantGroup section */

/* Begin XCBuildConfiguration section */
		B6A9972D2629B28A00DAC3FE /* Debug */ = {
			isa = XCBuildConfiguration;
			buildSettings = {
				ALWAYS_SEARCH_USER_PATHS = NO;
				CLANG_ANALYZER_NONNULL = YES;
				CLANG_ANALYZER_NUMBER_OBJECT_CONVERSION = YES_AGGRESSIVE;
				CLANG_CXX_LANGUAGE_STANDARD = "gnu++17";
				CLANG_CXX_LIBRARY = "libc++";
				CLANG_ENABLE_MODULES = YES;
				CLANG_ENABLE_OBJC_ARC = YES;
				CLANG_ENABLE_OBJC_WEAK = YES;
				CLANG_WARN_BLOCK_CAPTURE_AUTORELEASING = YES;
				CLANG_WARN_BOOL_CONVERSION = YES;
				CLANG_WARN_COMMA = YES;
				CLANG_WARN_CONSTANT_CONVERSION = YES;
				CLANG_WARN_DEPRECATED_OBJC_IMPLEMENTATIONS = YES;
				CLANG_WARN_DIRECT_OBJC_ISA_USAGE = YES_ERROR;
				CLANG_WARN_DOCUMENTATION_COMMENTS = YES;
				CLANG_WARN_EMPTY_BODY = YES;
				CLANG_WARN_ENUM_CONVERSION = YES;
				CLANG_WARN_INFINITE_RECURSION = YES;
				CLANG_WARN_INT_CONVERSION = YES;
				CLANG_WARN_NON_LITERAL_NULL_CONVERSION = YES;
				CLANG_WARN_OBJC_IMPLICIT_RETAIN_SELF = YES;
				CLANG_WARN_OBJC_LITERAL_CONVERSION = YES;
				CLANG_WARN_OBJC_ROOT_CLASS = YES_ERROR;
				CLANG_WARN_QUOTED_INCLUDE_IN_FRAMEWORK_HEADER = YES;
				CLANG_WARN_RANGE_LOOP_ANALYSIS = YES;
				CLANG_WARN_STRICT_PROTOTYPES = YES;
				CLANG_WARN_SUSPICIOUS_MOVE = YES;
				CLANG_WARN_UNGUARDED_AVAILABILITY = YES_AGGRESSIVE;
				CLANG_WARN_UNREACHABLE_CODE = YES;
				CLANG_WARN__DUPLICATE_METHOD_MATCH = YES;
				COPY_PHASE_STRIP = NO;
				DEBUG_INFORMATION_FORMAT = dwarf;
				ENABLE_STRICT_OBJC_MSGSEND = YES;
				ENABLE_TESTABILITY = YES;
				GCC_C_LANGUAGE_STANDARD = gnu11;
				GCC_DYNAMIC_NO_PIC = NO;
				GCC_NO_COMMON_BLOCKS = YES;
				GCC_OPTIMIZATION_LEVEL = 0;
				GCC_PREPROCESSOR_DEFINITIONS = (
					"DEBUG=1",
					"$(inherited)",
				);
				GCC_WARN_64_TO_32_BIT_CONVERSION = YES;
				GCC_WARN_ABOUT_RETURN_TYPE = YES_ERROR;
				GCC_WARN_UNDECLARED_SELECTOR = YES;
				GCC_WARN_UNINITIALIZED_AUTOS = YES_AGGRESSIVE;
				GCC_WARN_UNUSED_FUNCTION = YES;
				GCC_WARN_UNUSED_VARIABLE = YES;
				MTL_ENABLE_DEBUG_INFO = INCLUDE_SOURCE;
				MTL_FAST_MATH = YES;
				ONLY_ACTIVE_ARCH = YES;
				SDKROOT = macosx;
			};
			name = Debug;
		};
		B6A9972E2629B28A00DAC3FE /* Release */ = {
			isa = XCBuildConfiguration;
			buildSettings = {
				ALWAYS_SEARCH_USER_PATHS = NO;
				CLANG_ANALYZER_NONNULL = YES;
				CLANG_ANALYZER_NUMBER_OBJECT_CONVERSION = YES_AGGRESSIVE;
				CLANG_CXX_LANGUAGE_STANDARD = "gnu++17";
				CLANG_CXX_LIBRARY = "libc++";
				CLANG_ENABLE_MODULES = YES;
				CLANG_ENABLE_OBJC_ARC = YES;
				CLANG_ENABLE_OBJC_WEAK = YES;
				CLANG_WARN_BLOCK_CAPTURE_AUTORELEASING = YES;
				CLANG_WARN_BOOL_CONVERSION = YES;
				CLANG_WARN_COMMA = YES;
				CLANG_WARN_CONSTANT_CONVERSION = YES;
				CLANG_WARN_DEPRECATED_OBJC_IMPLEMENTATIONS = YES;
				CLANG_WARN_DIRECT_OBJC_ISA_USAGE = YES_ERROR;
				CLANG_WARN_DOCUMENTATION_COMMENTS = YES;
				CLANG_WARN_EMPTY_BODY = YES;
				CLANG_WARN_ENUM_CONVERSION = YES;
				CLANG_WARN_INFINITE_RECURSION = YES;
				CLANG_WARN_INT_CONVERSION = YES;
				CLANG_WARN_NON_LITERAL_NULL_CONVERSION = YES;
				CLANG_WARN_OBJC_IMPLICIT_RETAIN_SELF = YES;
				CLANG_WARN_OBJC_LITERAL_CONVERSION = YES;
				CLANG_WARN_OBJC_ROOT_CLASS = YES_ERROR;
				CLANG_WARN_QUOTED_INCLUDE_IN_FRAMEWORK_HEADER = YES;
				CLANG_WARN_RANGE_LOOP_ANALYSIS = YES;
				CLANG_WARN_STRICT_PROTOTYPES = YES;
				CLANG_WARN_SUSPICIOUS_MOVE = YES;
				CLANG_WARN_UNGUARDED_AVAILABILITY = YES_AGGRESSIVE;
				CLANG_WARN_UNREACHABLE_CODE = YES;
				CLANG_WARN__DUPLICATE_METHOD_MATCH = YES;
				COPY_PHASE_STRIP = NO;
				DEBUG_INFORMATION_FORMAT = "dwarf-with-dsym";
				ENABLE_NS_ASSERTIONS = NO;
				ENABLE_STRICT_OBJC_MSGSEND = YES;
				GCC_C_LANGUAGE_STANDARD = gnu11;
				GCC_NO_COMMON_BLOCKS = YES;
				GCC_WARN_64_TO_32_BIT_CONVERSION = YES;
				GCC_WARN_ABOUT_RETURN_TYPE = YES_ERROR;
				GCC_WARN_UNDECLARED_SELECTOR = YES;
				GCC_WARN_UNINITIALIZED_AUTOS = YES_AGGRESSIVE;
				GCC_WARN_UNUSED_FUNCTION = YES;
				GCC_WARN_UNUSED_VARIABLE = YES;
				MTL_ENABLE_DEBUG_INFO = NO;
				MTL_FAST_MATH = YES;
				SDKROOT = macosx;
			};
			name = Release;
		};
		B6A997302629B28A00DAC3FE /* Debug */ = {
			isa = XCBuildConfiguration;
			buildSettings = {
				ASSETCATALOG_COMPILER_APPICON_NAME = AppIcon;
				ASSETCATALOG_COMPILER_GLOBAL_ACCENT_COLOR_NAME = AccentColor;
				CODE_SIGN_ENTITLEMENTS = audio_editor/audio_editor.entitlements;
				CODE_SIGN_STYLE = Automatic;
				COMBINE_HIDPI_IMAGES = YES;
				DEVELOPMENT_TEAM = WVVR5YE53F;
				ENABLE_HARDENED_RUNTIME = YES;
				INFOPLIST_FILE = audio_editor/Info.plist;
				LD_RUNPATH_SEARCH_PATHS = (
					"$(inherited)",
					"@executable_path/../Frameworks",
				);
				PRODUCT_BUNDLE_IDENTIFIER = "jp.objective-audio.audio-editor";
				PRODUCT_NAME = "Audio Editor";
			};
			name = Debug;
		};
		B6A997312629B28A00DAC3FE /* Release */ = {
			isa = XCBuildConfiguration;
			buildSettings = {
				ASSETCATALOG_COMPILER_APPICON_NAME = AppIcon;
				ASSETCATALOG_COMPILER_GLOBAL_ACCENT_COLOR_NAME = AccentColor;
				CODE_SIGN_ENTITLEMENTS = audio_editor/audio_editor.entitlements;
				CODE_SIGN_STYLE = Automatic;
				COMBINE_HIDPI_IMAGES = YES;
				DEVELOPMENT_TEAM = WVVR5YE53F;
				ENABLE_HARDENED_RUNTIME = YES;
				INFOPLIST_FILE = audio_editor/Info.plist;
				LD_RUNPATH_SEARCH_PATHS = (
					"$(inherited)",
					"@executable_path/../Frameworks",
				);
				PRODUCT_BUNDLE_IDENTIFIER = "jp.objective-audio.audio-editor";
				PRODUCT_NAME = "Audio Editor";
			};
			name = Release;
		};
/* End XCBuildConfiguration section */

/* Begin XCConfigurationList section */
		B6A997162629B28300DAC3FE /* Build configuration list for PBXProject "audio_editor" */ = {
			isa = XCConfigurationList;
			buildConfigurations = (
				B6A9972D2629B28A00DAC3FE /* Debug */,
				B6A9972E2629B28A00DAC3FE /* Release */,
			);
			defaultConfigurationIsVisible = 0;
			defaultConfigurationName = Release;
		};
		B6A9972F2629B28A00DAC3FE /* Build configuration list for PBXNativeTarget "audio_editor" */ = {
			isa = XCConfigurationList;
			buildConfigurations = (
				B6A997302629B28A00DAC3FE /* Debug */,
				B6A997312629B28A00DAC3FE /* Release */,
			);
			defaultConfigurationIsVisible = 0;
			defaultConfigurationName = Release;
		};
/* End XCConfigurationList section */
	};
	rootObject = B6A997132629B28300DAC3FE /* Project object */;
}
