// !$*UTF8*$!
{
	archiveVersion = 1;
	classes = {
	};
	objectVersion = 56;
	objects = {

/* Begin PBXBuildFile section */
		B67B88EB2BD8DCB900A65C34 /* AppDelegate.swift in Sources */ = {isa = PBXBuildFile; fileRef = B67B88EA2BD8DCB900A65C34 /* AppDelegate.swift */; };
		B67B88EF2BD8DCB900A65C34 /* Assets.xcassets in Resources */ = {isa = PBXBuildFile; fileRef = B67B88EE2BD8DCB900A65C34 /* Assets.xcassets */; };
		B67B88F22BD8DCB900A65C34 /* Base in Resources */ = {isa = PBXBuildFile; fileRef = B67B88F12BD8DCB900A65C34 /* Base */; };
		B680B9152BDB822800EB9BC0 /* ae-core in Frameworks */ = {isa = PBXBuildFile; productRef = B680B9142BDB822800EB9BC0 /* ae-core */; };
/* End PBXBuildFile section */

/* Begin PBXFileReference section */
		B67B88E72BD8DCB900A65C34 /* audio_editor.app */ = {isa = PBXFileReference; explicitFileType = wrapper.application; includeInIndex = 0; path = audio_editor.app; sourceTree = BUILT_PRODUCTS_DIR; };
		B67B88EA2BD8DCB900A65C34 /* AppDelegate.swift */ = {isa = PBXFileReference; lastKnownFileType = sourcecode.swift; path = AppDelegate.swift; sourceTree = "<group>"; };
		B67B88EE2BD8DCB900A65C34 /* Assets.xcassets */ = {isa = PBXFileReference; lastKnownFileType = folder.assetcatalog; path = Assets.xcassets; sourceTree = "<group>"; };
		B67B88F12BD8DCB900A65C34 /* Base */ = {isa = PBXFileReference; lastKnownFileType = file.storyboard; name = Base; path = Base.lproj/Main.storyboard; sourceTree = "<group>"; };
		B67B88F32BD8DCB900A65C34 /* audio_editor.entitlements */ = {isa = PBXFileReference; lastKnownFileType = text.plist.entitlements; path = audio_editor.entitlements; sourceTree = "<group>"; };
		B67B88FA2BD8DD5400A65C34 /* audio_editor_core.framework */ = {isa = PBXFileReference; explicitFileType = wrapper.framework; path = audio_editor_core.framework; sourceTree = BUILT_PRODUCTS_DIR; };
		B67B88FB2BD8DD5400A65C34 /* audio.framework */ = {isa = PBXFileReference; explicitFileType = wrapper.framework; path = audio.framework; sourceTree = BUILT_PRODUCTS_DIR; };
		B67B88FC2BD8DD5400A65C34 /* cpp_utils.framework */ = {isa = PBXFileReference; explicitFileType = wrapper.framework; path = cpp_utils.framework; sourceTree = BUILT_PRODUCTS_DIR; };
		B67B88FD2BD8DD5400A65C34 /* db.framework */ = {isa = PBXFileReference; explicitFileType = wrapper.framework; path = db.framework; sourceTree = BUILT_PRODUCTS_DIR; };
		B67B88FE2BD8DD5400A65C34 /* objc_utils.framework */ = {isa = PBXFileReference; explicitFileType = wrapper.framework; path = objc_utils.framework; sourceTree = BUILT_PRODUCTS_DIR; };
		B67B88FF2BD8DD5400A65C34 /* observing.framework */ = {isa = PBXFileReference; explicitFileType = wrapper.framework; path = observing.framework; sourceTree = BUILT_PRODUCTS_DIR; };
		B67B89002BD8DD5400A65C34 /* playing.framework */ = {isa = PBXFileReference; explicitFileType = wrapper.framework; path = playing.framework; sourceTree = BUILT_PRODUCTS_DIR; };
		B67B89012BD8DD5400A65C34 /* processing.framework */ = {isa = PBXFileReference; explicitFileType = wrapper.framework; path = processing.framework; sourceTree = BUILT_PRODUCTS_DIR; };
		B67B89022BD8DD5400A65C34 /* ui.framework */ = {isa = PBXFileReference; explicitFileType = wrapper.framework; path = ui.framework; sourceTree = BUILT_PRODUCTS_DIR; };
		B67B89162BD8E12F00A65C34 /* UniformTypeIdentifiers.framework */ = {isa = PBXFileReference; lastKnownFileType = wrapper.framework; name = UniformTypeIdentifiers.framework; path = System/Library/Frameworks/UniformTypeIdentifiers.framework; sourceTree = SDKROOT; };
/* End PBXFileReference section */

/* Begin PBXFrameworksBuildPhase section */
		B67B88E42BD8DCB900A65C34 /* Frameworks */ = {
			isa = PBXFrameworksBuildPhase;
			buildActionMask = 2147483647;
			files = (
				B680B9152BDB822800EB9BC0 /* ae-core in Frameworks */,
			);
			runOnlyForDeploymentPostprocessing = 0;
		};
/* End PBXFrameworksBuildPhase section */

/* Begin PBXGroup section */
		B67B88DE2BD8DCB900A65C34 = {
			isa = PBXGroup;
			children = (
				B67B88E92BD8DCB900A65C34 /* audio_editor */,
				B67B88E82BD8DCB900A65C34 /* Products */,
				B67B88F92BD8DD5400A65C34 /* Frameworks */,
			);
			sourceTree = "<group>";
		};
		B67B88E82BD8DCB900A65C34 /* Products */ = {
			isa = PBXGroup;
			children = (
				B67B88E72BD8DCB900A65C34 /* audio_editor.app */,
			);
			name = Products;
			sourceTree = "<group>";
		};
		B67B88E92BD8DCB900A65C34 /* audio_editor */ = {
			isa = PBXGroup;
			children = (
				B67B88EA2BD8DCB900A65C34 /* AppDelegate.swift */,
				B67B88EE2BD8DCB900A65C34 /* Assets.xcassets */,
				B67B88F02BD8DCB900A65C34 /* Main.storyboard */,
				B67B88F32BD8DCB900A65C34 /* audio_editor.entitlements */,
			);
			path = audio_editor;
			sourceTree = "<group>";
		};
		B67B88F92BD8DD5400A65C34 /* Frameworks */ = {
			isa = PBXGroup;
			children = (
				B67B89162BD8E12F00A65C34 /* UniformTypeIdentifiers.framework */,
				B67B88FA2BD8DD5400A65C34 /* audio_editor_core.framework */,
				B67B88FB2BD8DD5400A65C34 /* audio.framework */,
				B67B88FC2BD8DD5400A65C34 /* cpp_utils.framework */,
				B67B88FD2BD8DD5400A65C34 /* db.framework */,
				B67B88FE2BD8DD5400A65C34 /* objc_utils.framework */,
				B67B88FF2BD8DD5400A65C34 /* observing.framework */,
				B67B89002BD8DD5400A65C34 /* playing.framework */,
				B67B89012BD8DD5400A65C34 /* processing.framework */,
				B67B89022BD8DD5400A65C34 /* ui.framework */,
			);
			name = Frameworks;
			sourceTree = "<group>";
		};
/* End PBXGroup section */

/* Begin PBXNativeTarget section */
		B67B88E62BD8DCB900A65C34 /* audio_editor */ = {
			isa = PBXNativeTarget;
			buildConfigurationList = B67B88F62BD8DCB900A65C34 /* Build configuration list for PBXNativeTarget "audio_editor" */;
			buildPhases = (
				B653D5232BE453B00027AC5D /* ShellScript */,
				B67B88E32BD8DCB900A65C34 /* Sources */,
				B67B88E42BD8DCB900A65C34 /* Frameworks */,
				B67B88E52BD8DCB900A65C34 /* Resources */,
			);
			buildRules = (
			);
			dependencies = (
			);
			name = audio_editor;
			packageProductDependencies = (
				B680B9142BDB822800EB9BC0 /* ae-core */,
			);
			productName = audio_editor_main;
			productReference = B67B88E72BD8DCB900A65C34 /* audio_editor.app */;
			productType = "com.apple.product-type.application";
		};
/* End PBXNativeTarget section */

/* Begin PBXProject section */
		B67B88DF2BD8DCB900A65C34 /* Project object */ = {
			isa = PBXProject;
			attributes = {
				BuildIndependentTargetsInParallel = 1;
				LastSwiftUpdateCheck = 1530;
				LastUpgradeCheck = 1530;
				TargetAttributes = {
					B67B88E62BD8DCB900A65C34 = {
						CreatedOnToolsVersion = 15.3;
					};
				};
			};
			buildConfigurationList = B67B88E22BD8DCB900A65C34 /* Build configuration list for PBXProject "audio_editor" */;
			compatibilityVersion = "Xcode 14.0";
			developmentRegion = en;
			hasScannedForEncodings = 0;
			knownRegions = (
				en,
				Base,
			);
			mainGroup = B67B88DE2BD8DCB900A65C34;
			productRefGroup = B67B88E82BD8DCB900A65C34 /* Products */;
			projectDirPath = "";
			projectRoot = "";
			targets = (
				B67B88E62BD8DCB900A65C34 /* audio_editor */,
			);
		};
/* End PBXProject section */

/* Begin PBXResourcesBuildPhase section */
		B67B88E52BD8DCB900A65C34 /* Resources */ = {
			isa = PBXResourcesBuildPhase;
			buildActionMask = 2147483647;
			files = (
				B67B88EF2BD8DCB900A65C34 /* Assets.xcassets in Resources */,
				B67B88F22BD8DCB900A65C34 /* Base in Resources */,
			);
			runOnlyForDeploymentPostprocessing = 0;
		};
/* End PBXResourcesBuildPhase section */

/* Begin PBXShellScriptBuildPhase section */
		B653D5232BE453B00027AC5D /* ShellScript */ = {
			isa = PBXShellScriptBuildPhase;
			alwaysOutOfDate = 1;
			buildActionMask = 2147483647;
			files = (
			);
			inputFileListPaths = (
			);
			inputPaths = (
			);
			outputFileListPaths = (
			);
			outputPaths = (
			);
			runOnlyForDeploymentPostprocessing = 0;
			shellPath = /bin/sh;
			shellScript = "pushd ../\n./script/format.sh\npopd\n";
		};
/* End PBXShellScriptBuildPhase section */

/* Begin PBXSourcesBuildPhase section */
		B67B88E32BD8DCB900A65C34 /* Sources */ = {
			isa = PBXSourcesBuildPhase;
			buildActionMask = 2147483647;
			files = (
				B67B88EB2BD8DCB900A65C34 /* AppDelegate.swift in Sources */,
			);
			runOnlyForDeploymentPostprocessing = 0;
		};
/* End PBXSourcesBuildPhase section */

/* Begin PBXVariantGroup section */
		B67B88F02BD8DCB900A65C34 /* Main.storyboard */ = {
			isa = PBXVariantGroup;
			children = (
				B67B88F12BD8DCB900A65C34 /* Base */,
			);
			name = Main.storyboard;
			sourceTree = "<group>";
		};
/* End PBXVariantGroup section */

/* Begin XCBuildConfiguration section */
		B67B88F42BD8DCB900A65C34 /* Debug */ = {
			isa = XCBuildConfiguration;
			buildSettings = {
				ALWAYS_SEARCH_USER_PATHS = NO;
				ASSETCATALOG_COMPILER_GENERATE_SWIFT_ASSET_SYMBOL_EXTENSIONS = YES;
				CLANG_ANALYZER_NONNULL = YES;
				CLANG_ANALYZER_NUMBER_OBJECT_CONVERSION = YES_AGGRESSIVE;
				CLANG_CXX_LANGUAGE_STANDARD = "gnu++20";
				CLANG_ENABLE_MODULES = YES;
				CLANG_ENABLE_OBJC_ARC = YES;
				CLANG_ENABLE_OBJC_WEAK = YES;
				CLANG_WARN_BLOCK_CAPTURE_AUTORELEASING = YES;
				CLANG_WARN_BOOL_CONVERSION = YES;
				CLANG_WARN_COMMA = YES;
				CLANG_WARN_CONSTANT_CONVERSION = YES;
				CLANG_WARN_DEPRECATED_OBJC_IMPLEMENTATIONS = YES;
				CLANG_WARN_DIRECT_OBJC_ISA_USAGE = YES_ERROR;
				CLANG_WARN_DOCUMENTATION_COMMENTS = YES;
				CLANG_WARN_EMPTY_BODY = YES;
				CLANG_WARN_ENUM_CONVERSION = YES;
				CLANG_WARN_INFINITE_RECURSION = YES;
				CLANG_WARN_INT_CONVERSION = YES;
				CLANG_WARN_NON_LITERAL_NULL_CONVERSION = YES;
				CLANG_WARN_OBJC_IMPLICIT_RETAIN_SELF = YES;
				CLANG_WARN_OBJC_LITERAL_CONVERSION = YES;
				CLANG_WARN_OBJC_ROOT_CLASS = YES_ERROR;
				CLANG_WARN_QUOTED_INCLUDE_IN_FRAMEWORK_HEADER = YES;
				CLANG_WARN_RANGE_LOOP_ANALYSIS = YES;
				CLANG_WARN_STRICT_PROTOTYPES = YES;
				CLANG_WARN_SUSPICIOUS_MOVE = YES;
				CLANG_WARN_UNGUARDED_AVAILABILITY = YES_AGGRESSIVE;
				CLANG_WARN_UNREACHABLE_CODE = YES;
				CLANG_WARN__DUPLICATE_METHOD_MATCH = YES;
				COPY_PHASE_STRIP = NO;
				DEBUG_INFORMATION_FORMAT = dwarf;
				ENABLE_STRICT_OBJC_MSGSEND = YES;
				ENABLE_TESTABILITY = YES;
				ENABLE_USER_SCRIPT_SANDBOXING = YES;
				GCC_C_LANGUAGE_STANDARD = gnu17;
				GCC_DYNAMIC_NO_PIC = NO;
				GCC_NO_COMMON_BLOCKS = YES;
				GCC_OPTIMIZATION_LEVEL = 0;
				GCC_PREPROCESSOR_DEFINITIONS = (
					"DEBUG=1",
					"$(inherited)",
				);
				GCC_WARN_64_TO_32_BIT_CONVERSION = YES;
				GCC_WARN_ABOUT_RETURN_TYPE = YES_ERROR;
				GCC_WARN_UNDECLARED_SELECTOR = YES;
				GCC_WARN_UNINITIALIZED_AUTOS = YES_AGGRESSIVE;
				GCC_WARN_UNUSED_FUNCTION = YES;
				GCC_WARN_UNUSED_VARIABLE = YES;
				LOCALIZATION_PREFERS_STRING_CATALOGS = YES;
				MACOSX_DEPLOYMENT_TARGET = 14.4;
				MTL_ENABLE_DEBUG_INFO = INCLUDE_SOURCE;
				MTL_FAST_MATH = YES;
				ONLY_ACTIVE_ARCH = YES;
				SDKROOT = macosx;
				SWIFT_ACTIVE_COMPILATION_CONDITIONS = "DEBUG $(inherited)";
				SWIFT_OPTIMIZATION_LEVEL = "-Onone";
			};
			name = Debug;
		};
		B67B88F52BD8DCB900A65C34 /* Release */ = {
			isa = XCBuildConfiguration;
			buildSettings = {
				ALWAYS_SEARCH_USER_PATHS = NO;
				ASSETCATALOG_COMPILER_GENERATE_SWIFT_ASSET_SYMBOL_EXTENSIONS = YES;
				CLANG_ANALYZER_NONNULL = YES;
				CLANG_ANALYZER_NUMBER_OBJECT_CONVERSION = YES_AGGRESSIVE;
				CLANG_CXX_LANGUAGE_STANDARD = "gnu++20";
				CLANG_ENABLE_MODULES = YES;
				CLANG_ENABLE_OBJC_ARC = YES;
				CLANG_ENABLE_OBJC_WEAK = YES;
				CLANG_WARN_BLOCK_CAPTURE_AUTORELEASING = YES;
				CLANG_WARN_BOOL_CONVERSION = YES;
				CLANG_WARN_COMMA = YES;
				CLANG_WARN_CONSTANT_CONVERSION = YES;
				CLANG_WARN_DEPRECATED_OBJC_IMPLEMENTATIONS = YES;
				CLANG_WARN_DIRECT_OBJC_ISA_USAGE = YES_ERROR;
				CLANG_WARN_DOCUMENTATION_COMMENTS = YES;
				CLANG_WARN_EMPTY_BODY = YES;
				CLANG_WARN_ENUM_CONVERSION = YES;
				CLANG_WARN_INFINITE_RECURSION = YES;
				CLANG_WARN_INT_CONVERSION = YES;
				CLANG_WARN_NON_LITERAL_NULL_CONVERSION = YES;
				CLANG_WARN_OBJC_IMPLICIT_RETAIN_SELF = YES;
				CLANG_WARN_OBJC_LITERAL_CONVERSION = YES;
				CLANG_WARN_OBJC_ROOT_CLASS = YES_ERROR;
				CLANG_WARN_QUOTED_INCLUDE_IN_FRAMEWORK_HEADER = YES;
				CLANG_WARN_RANGE_LOOP_ANALYSIS = YES;
				CLANG_WARN_STRICT_PROTOTYPES = YES;
				CLANG_WARN_SUSPICIOUS_MOVE = YES;
				CLANG_WARN_UNGUARDED_AVAILABILITY = YES_AGGRESSIVE;
				CLANG_WARN_UNREACHABLE_CODE = YES;
				CLANG_WARN__DUPLICATE_METHOD_MATCH = YES;
				COPY_PHASE_STRIP = NO;
				DEBUG_INFORMATION_FORMAT = "dwarf-with-dsym";
				ENABLE_NS_ASSERTIONS = NO;
				ENABLE_STRICT_OBJC_MSGSEND = YES;
				ENABLE_USER_SCRIPT_SANDBOXING = YES;
				GCC_C_LANGUAGE_STANDARD = gnu17;
				GCC_NO_COMMON_BLOCKS = YES;
				GCC_WARN_64_TO_32_BIT_CONVERSION = YES;
				GCC_WARN_ABOUT_RETURN_TYPE = YES_ERROR;
				GCC_WARN_UNDECLARED_SELECTOR = YES;
				GCC_WARN_UNINITIALIZED_AUTOS = YES_AGGRESSIVE;
				GCC_WARN_UNUSED_FUNCTION = YES;
				GCC_WARN_UNUSED_VARIABLE = YES;
				LOCALIZATION_PREFERS_STRING_CATALOGS = YES;
				MACOSX_DEPLOYMENT_TARGET = 14.4;
				MTL_ENABLE_DEBUG_INFO = NO;
				MTL_FAST_MATH = YES;
				SDKROOT = macosx;
				SWIFT_COMPILATION_MODE = wholemodule;
			};
			name = Release;
		};
		B67B88F72BD8DCB900A65C34 /* Debug */ = {
			isa = XCBuildConfiguration;
			buildSettings = {
				ASSETCATALOG_COMPILER_APPICON_NAME = AppIcon;
				ASSETCATALOG_COMPILER_GLOBAL_ACCENT_COLOR_NAME = AccentColor;
				CODE_SIGN_ENTITLEMENTS = audio_editor/audio_editor.entitlements;
				"CODE_SIGN_IDENTITY[sdk=macosx*]" = "Apple Development";
				CODE_SIGN_STYLE = Automatic;
				COMBINE_HIDPI_IMAGES = YES;
				CURRENT_PROJECT_VERSION = 1;
				DEVELOPMENT_TEAM = WVVR5YE53F;
				GENERATE_INFOPLIST_FILE = YES;
				INFOPLIST_KEY_NSHumanReadableCopyright = "";
				INFOPLIST_KEY_NSMainStoryboardFile = Main;
				INFOPLIST_KEY_NSPrincipalClass = NSApplication;
				LD_RUNPATH_SEARCH_PATHS = (
					"$(inherited)",
					"@executable_path/../Frameworks",
				);
				MARKETING_VERSION = 1.0;
				PRODUCT_BUNDLE_IDENTIFIER = "jp.objective-audio.audio-editor";
				PRODUCT_NAME = "$(TARGET_NAME)";
				SWIFT_EMIT_LOC_STRINGS = YES;
				SWIFT_VERSION = 5.0;
			};
			name = Debug;
		};
		B67B88F82BD8DCB900A65C34 /* Release */ = {
			isa = XCBuildConfiguration;
			buildSettings = {
				ASSETCATALOG_COMPILER_APPICON_NAME = AppIcon;
				ASSETCATALOG_COMPILER_GLOBAL_ACCENT_COLOR_NAME = AccentColor;
				CODE_SIGN_ENTITLEMENTS = audio_editor/audio_editor.entitlements;
				"CODE_SIGN_IDENTITY[sdk=macosx*]" = "Apple Development";
				CODE_SIGN_STYLE = Automatic;
				COMBINE_HIDPI_IMAGES = YES;
				CURRENT_PROJECT_VERSION = 1;
				DEVELOPMENT_TEAM = WVVR5YE53F;
				GENERATE_INFOPLIST_FILE = YES;
				INFOPLIST_KEY_NSHumanReadableCopyright = "";
				INFOPLIST_KEY_NSMainStoryboardFile = Main;
				INFOPLIST_KEY_NSPrincipalClass = NSApplication;
				LD_RUNPATH_SEARCH_PATHS = (
					"$(inherited)",
					"@executable_path/../Frameworks",
				);
				MARKETING_VERSION = 1.0;
				PRODUCT_BUNDLE_IDENTIFIER = "jp.objective-audio.audio-editor";
				PRODUCT_NAME = "$(TARGET_NAME)";
				SWIFT_EMIT_LOC_STRINGS = YES;
				SWIFT_VERSION = 5.0;
			};
			name = Release;
		};
/* End XCBuildConfiguration section */

/* Begin XCConfigurationList section */
		B67B88E22BD8DCB900A65C34 /* Build configuration list for PBXProject "audio_editor" */ = {
			isa = XCConfigurationList;
			buildConfigurations = (
				B67B88F42BD8DCB900A65C34 /* Debug */,
				B67B88F52BD8DCB900A65C34 /* Release */,
			);
			defaultConfigurationIsVisible = 0;
			defaultConfigurationName = Release;
		};
		B67B88F62BD8DCB900A65C34 /* Build configuration list for PBXNativeTarget "audio_editor" */ = {
			isa = XCConfigurationList;
			buildConfigurations = (
				B67B88F72BD8DCB900A65C34 /* Debug */,
				B67B88F82BD8DCB900A65C34 /* Release */,
			);
			defaultConfigurationIsVisible = 0;
			defaultConfigurationName = Release;
		};
/* End XCConfigurationList section */

/* Begin XCSwiftPackageProductDependency section */
		B680B9142BDB822800EB9BC0 /* ae-core */ = {
			isa = XCSwiftPackageProductDependency;
			productName = "ae-core";
		};
/* End XCSwiftPackageProductDependency section */
	};
	rootObject = B67B88DF2BD8DCB900A65C34 /* Project object */;
}
