// !$*UTF8*$!
{
	archiveVersion = 1;
	classes = {
	};
	objectVersion = 50;
	objects = {

/* Begin PBXBuildFile section */
		B61E3236264ACAC9000DB2B1 /* ae_file_module_tests.mm in Sources */ = {isa = PBXBuildFile; fileRef = B61E3235264ACAC9000DB2B1 /* ae_file_module_tests.mm */; };
		B61E3242264ACD42000DB2B1 /* ae_file_module_utils_tests.mm in Sources */ = {isa = PBXBuildFile; fileRef = B61E3241264ACD42000DB2B1 /* ae_file_module_utils_tests.mm */; };
		B64E2121263C44A300B1BF51 /* ae_file_loader_tests.mm in Sources */ = {isa = PBXBuildFile; fileRef = B64E2120263C44A300B1BF51 /* ae_file_loader_tests.mm */; };
		B64E94FF2653F29F0056F511 /* ae_marker_pool_tests.mm in Sources */ = {isa = PBXBuildFile; fileRef = B64E94FE2653F29F0056F511 /* ae_marker_pool_tests.mm */; };
		B6604F8E26476FD5003439F1 /* ae_file_track_tests.mm in Sources */ = {isa = PBXBuildFile; fileRef = B6604F8D26476FD5003439F1 /* ae_file_track_tests.mm */; };
		B666CDF32634152600C1693D /* ae_system_url_tests.mm in Sources */ = {isa = PBXBuildFile; fileRef = B666CDF22634152600C1693D /* ae_system_url_tests.mm */; };
		B666CE1B26342B4100C1693D /* ae_test_utils.cpp in Sources */ = {isa = PBXBuildFile; fileRef = B666CE1926342B4100C1693D /* ae_test_utils.cpp */; };
		B666CE3D2634FEF300C1693D /* ae_uuid_generator_tests.mm in Sources */ = {isa = PBXBuildFile; fileRef = B666CE3C2634FEF300C1693D /* ae_uuid_generator_tests.mm */; };
		B666F17E275A50B90040D306 /* ae_display_space_tests.mm in Sources */ = {isa = PBXBuildFile; fileRef = B666F17D275A50B90040D306 /* ae_display_space_tests.mm */; };
		B666F188275B059F0040D306 /* ae_identifier_tests.mm in Sources */ = {isa = PBXBuildFile; fileRef = B666F187275B059F0040D306 /* ae_identifier_tests.mm */; };
		B666F190275C9C5A0040D306 /* ae_module_location_pool_tests.mm in Sources */ = {isa = PBXBuildFile; fileRef = B666F18F275C9C5A0040D306 /* ae_module_location_pool_tests.mm */; };
		B668BE30262F3B700021AD20 /* ae_project_pool_tests.mm in Sources */ = {isa = PBXBuildFile; fileRef = B668BE2F262F3B700021AD20 /* ae_project_pool_tests.mm */; };
		B66909FF262A7D2F00E86353 /* ae_app_tests.mm in Sources */ = {isa = PBXBuildFile; fileRef = B66909FE262A7D2F00E86353 /* ae_app_tests.mm */; };
		B6690A03262A7D4100E86353 /* audio_editor_core.framework in Frameworks */ = {isa = PBXBuildFile; fileRef = B6690A02262A7D4100E86353 /* audio_editor_core.framework */; };
		B6690A05262A7D4100E86353 /* audio.framework in Frameworks */ = {isa = PBXBuildFile; fileRef = B6690A04262A7D4100E86353 /* audio.framework */; };
		B6690A07262A7D4100E86353 /* cpp_utils.framework in Frameworks */ = {isa = PBXBuildFile; fileRef = B6690A06262A7D4100E86353 /* cpp_utils.framework */; };
		B6690A09262A7D4100E86353 /* db.framework in Frameworks */ = {isa = PBXBuildFile; fileRef = B6690A08262A7D4100E86353 /* db.framework */; };
		B6690A0B262A7D4100E86353 /* objc_utils.framework in Frameworks */ = {isa = PBXBuildFile; fileRef = B6690A0A262A7D4100E86353 /* objc_utils.framework */; };
		B6690A0D262A7D4100E86353 /* observing.framework in Frameworks */ = {isa = PBXBuildFile; fileRef = B6690A0C262A7D4100E86353 /* observing.framework */; };
		B6690A0F262A7D4100E86353 /* playing.framework in Frameworks */ = {isa = PBXBuildFile; fileRef = B6690A0E262A7D4100E86353 /* playing.framework */; };
		B6690A11262A7D4100E86353 /* processing.framework in Frameworks */ = {isa = PBXBuildFile; fileRef = B6690A10262A7D4100E86353 /* processing.framework */; };
		B6690A13262A7D4100E86353 /* ui.framework in Frameworks */ = {isa = PBXBuildFile; fileRef = B6690A12262A7D4100E86353 /* ui.framework */; };
		B69708F72639B1060045E975 /* ae_file_importer_resource_tests.mm in Sources */ = {isa = PBXBuildFile; fileRef = B69708F62639B1060045E975 /* ae_file_importer_resource_tests.mm */; };
		B69708FD263A5FCA0045E975 /* ae_file_importer_tests.mm in Sources */ = {isa = PBXBuildFile; fileRef = B69708FC263A5FCA0045E975 /* ae_file_importer_tests.mm */; };
		B69C68A52672615800C1083F /* ae_ui_layout_utils_tests.mm in Sources */ = {isa = PBXBuildFile; fileRef = B69C68A42672615800C1083F /* ae_ui_layout_utils_tests.mm */; };
		B69CF573262AC98D007A0A75 /* ae_project_tests.mm in Sources */ = {isa = PBXBuildFile; fileRef = B69CF572262AC98D007A0A75 /* ae_project_tests.mm */; };
		B6B563CB271BD5A00003ED60 /* ae_common_utils_tests.mm in Sources */ = {isa = PBXBuildFile; fileRef = B6B563CA271BD5A00003ED60 /* ae_common_utils_tests.mm */; };
		B6BEFE98267DD76B002B6894 /* ae_editing_root_presenter_utils_tests.mm in Sources */ = {isa = PBXBuildFile; fileRef = B6BEFE97267DD76B002B6894 /* ae_editing_root_presenter_utils_tests.mm */; };
		B6E77A80275090DF00B6521E /* ae_pasteboard_tests.mm in Sources */ = {isa = PBXBuildFile; fileRef = B6E77A7F275090DF00B6521E /* ae_pasteboard_tests.mm */; };
		B6E77A822750912700B6521E /* ae_pasting_file_module_tests.mm in Sources */ = {isa = PBXBuildFile; fileRef = B6E77A812750912700B6521E /* ae_pasting_file_module_tests.mm */; };
/* End PBXBuildFile section */

/* Begin PBXFileReference section */
		B61E3235264ACAC9000DB2B1 /* ae_file_module_tests.mm */ = {isa = PBXFileReference; lastKnownFileType = sourcecode.cpp.objcpp; name = ae_file_module_tests.mm; path = ../../audio_editor_tests/ae_file_module_tests.mm; sourceTree = "<group>"; };
		B61E3241264ACD42000DB2B1 /* ae_file_module_utils_tests.mm */ = {isa = PBXFileReference; lastKnownFileType = sourcecode.cpp.objcpp; name = ae_file_module_utils_tests.mm; path = ../../audio_editor_tests/ae_file_module_utils_tests.mm; sourceTree = "<group>"; };
		B64E2120263C44A300B1BF51 /* ae_file_loader_tests.mm */ = {isa = PBXFileReference; lastKnownFileType = sourcecode.cpp.objcpp; name = ae_file_loader_tests.mm; path = ../../audio_editor_tests/ae_file_loader_tests.mm; sourceTree = "<group>"; };
		B64E94FE2653F29F0056F511 /* ae_marker_pool_tests.mm */ = {isa = PBXFileReference; lastKnownFileType = sourcecode.cpp.objcpp; name = ae_marker_pool_tests.mm; path = ../../audio_editor_tests/ae_marker_pool_tests.mm; sourceTree = "<group>"; };
		B6604F8D26476FD5003439F1 /* ae_file_track_tests.mm */ = {isa = PBXFileReference; lastKnownFileType = sourcecode.cpp.objcpp; name = ae_file_track_tests.mm; path = ../../audio_editor_tests/ae_file_track_tests.mm; sourceTree = "<group>"; };
		B666CDF22634152600C1693D /* ae_system_url_tests.mm */ = {isa = PBXFileReference; lastKnownFileType = sourcecode.cpp.objcpp; name = ae_system_url_tests.mm; path = ../../audio_editor_tests/ae_system_url_tests.mm; sourceTree = "<group>"; };
		B666CE1926342B4100C1693D /* ae_test_utils.cpp */ = {isa = PBXFileReference; lastKnownFileType = sourcecode.cpp.cpp; path = ae_test_utils.cpp; sourceTree = "<group>"; };
		B666CE1A26342B4100C1693D /* ae_test_utils.h */ = {isa = PBXFileReference; lastKnownFileType = sourcecode.c.h; path = ae_test_utils.h; sourceTree = "<group>"; };
		B666CE3C2634FEF300C1693D /* ae_uuid_generator_tests.mm */ = {isa = PBXFileReference; lastKnownFileType = sourcecode.cpp.objcpp; name = ae_uuid_generator_tests.mm; path = ../../audio_editor_tests/ae_uuid_generator_tests.mm; sourceTree = "<group>"; };
		B666F17D275A50B90040D306 /* ae_display_space_tests.mm */ = {isa = PBXFileReference; lastKnownFileType = sourcecode.cpp.objcpp; name = ae_display_space_tests.mm; path = ../../audio_editor_tests/ae_display_space_tests.mm; sourceTree = "<group>"; };
		B666F187275B059F0040D306 /* ae_identifier_tests.mm */ = {isa = PBXFileReference; lastKnownFileType = sourcecode.cpp.objcpp; name = ae_identifier_tests.mm; path = ../../audio_editor_tests/ae_identifier_tests.mm; sourceTree = "<group>"; };
		B666F18F275C9C5A0040D306 /* ae_module_location_pool_tests.mm */ = {isa = PBXFileReference; lastKnownFileType = sourcecode.cpp.objcpp; name = ae_module_location_pool_tests.mm; path = ../../audio_editor_tests/ae_module_location_pool_tests.mm; sourceTree = "<group>"; };
		B668BE2F262F3B700021AD20 /* ae_project_pool_tests.mm */ = {isa = PBXFileReference; lastKnownFileType = sourcecode.cpp.objcpp; name = ae_project_pool_tests.mm; path = ../../audio_editor_tests/ae_project_pool_tests.mm; sourceTree = "<group>"; };
		B66909F2262A7CD600E86353 /* audio_editor_mac_tests.xctest */ = {isa = PBXFileReference; explicitFileType = wrapper.cfbundle; includeInIndex = 0; path = audio_editor_mac_tests.xctest; sourceTree = BUILT_PRODUCTS_DIR; };
		B66909F7262A7CD600E86353 /* Info.plist */ = {isa = PBXFileReference; lastKnownFileType = text.plist.xml; path = Info.plist; sourceTree = "<group>"; };
		B66909FE262A7D2F00E86353 /* ae_app_tests.mm */ = {isa = PBXFileReference; fileEncoding = 4; lastKnownFileType = sourcecode.cpp.objcpp; name = ae_app_tests.mm; path = ../../audio_editor_tests/ae_app_tests.mm; sourceTree = "<group>"; };
		B6690A02262A7D4100E86353 /* audio_editor_core.framework */ = {isa = PBXFileReference; explicitFileType = wrapper.framework; path = audio_editor_core.framework; sourceTree = BUILT_PRODUCTS_DIR; };
		B6690A04262A7D4100E86353 /* audio.framework */ = {isa = PBXFileReference; explicitFileType = wrapper.framework; path = audio.framework; sourceTree = BUILT_PRODUCTS_DIR; };
		B6690A06262A7D4100E86353 /* cpp_utils.framework */ = {isa = PBXFileReference; explicitFileType = wrapper.framework; path = cpp_utils.framework; sourceTree = BUILT_PRODUCTS_DIR; };
		B6690A08262A7D4100E86353 /* db.framework */ = {isa = PBXFileReference; explicitFileType = wrapper.framework; path = db.framework; sourceTree = BUILT_PRODUCTS_DIR; };
		B6690A0A262A7D4100E86353 /* objc_utils.framework */ = {isa = PBXFileReference; explicitFileType = wrapper.framework; path = objc_utils.framework; sourceTree = BUILT_PRODUCTS_DIR; };
		B6690A0C262A7D4100E86353 /* observing.framework */ = {isa = PBXFileReference; explicitFileType = wrapper.framework; path = observing.framework; sourceTree = BUILT_PRODUCTS_DIR; };
		B6690A0E262A7D4100E86353 /* playing.framework */ = {isa = PBXFileReference; explicitFileType = wrapper.framework; path = playing.framework; sourceTree = BUILT_PRODUCTS_DIR; };
		B6690A10262A7D4100E86353 /* processing.framework */ = {isa = PBXFileReference; explicitFileType = wrapper.framework; path = processing.framework; sourceTree = BUILT_PRODUCTS_DIR; };
		B6690A12262A7D4100E86353 /* ui.framework */ = {isa = PBXFileReference; explicitFileType = wrapper.framework; path = ui.framework; sourceTree = BUILT_PRODUCTS_DIR; };
		B69708F62639B1060045E975 /* ae_file_importer_resource_tests.mm */ = {isa = PBXFileReference; lastKnownFileType = sourcecode.cpp.objcpp; name = ae_file_importer_resource_tests.mm; path = ../../audio_editor_tests/ae_file_importer_resource_tests.mm; sourceTree = "<group>"; };
		B69708FC263A5FCA0045E975 /* ae_file_importer_tests.mm */ = {isa = PBXFileReference; lastKnownFileType = sourcecode.cpp.objcpp; name = ae_file_importer_tests.mm; path = ../../audio_editor_tests/ae_file_importer_tests.mm; sourceTree = "<group>"; };
		B69C68A42672615800C1083F /* ae_ui_layout_utils_tests.mm */ = {isa = PBXFileReference; lastKnownFileType = sourcecode.cpp.objcpp; name = ae_ui_layout_utils_tests.mm; path = ../../audio_editor_tests/ae_ui_layout_utils_tests.mm; sourceTree = "<group>"; };
		B69CF572262AC98D007A0A75 /* ae_project_tests.mm */ = {isa = PBXFileReference; fileEncoding = 4; lastKnownFileType = sourcecode.cpp.objcpp; name = ae_project_tests.mm; path = ../../audio_editor_tests/ae_project_tests.mm; sourceTree = "<group>"; };
		B6B563CA271BD5A00003ED60 /* ae_common_utils_tests.mm */ = {isa = PBXFileReference; lastKnownFileType = sourcecode.cpp.objcpp; name = ae_common_utils_tests.mm; path = ../../audio_editor_tests/ae_common_utils_tests.mm; sourceTree = "<group>"; };
		B6BEFE97267DD76B002B6894 /* ae_editing_root_presenter_utils_tests.mm */ = {isa = PBXFileReference; lastKnownFileType = sourcecode.cpp.objcpp; name = ae_editing_root_presenter_utils_tests.mm; path = ../../audio_editor_tests/ae_editing_root_presenter_utils_tests.mm; sourceTree = "<group>"; };
		B6E77A7F275090DF00B6521E /* ae_pasteboard_tests.mm */ = {isa = PBXFileReference; lastKnownFileType = sourcecode.cpp.objcpp; name = ae_pasteboard_tests.mm; path = ../../audio_editor_tests/ae_pasteboard_tests.mm; sourceTree = "<group>"; };
		B6E77A812750912700B6521E /* ae_pasting_file_module_tests.mm */ = {isa = PBXFileReference; lastKnownFileType = sourcecode.cpp.objcpp; name = ae_pasting_file_module_tests.mm; path = ../../audio_editor_tests/ae_pasting_file_module_tests.mm; sourceTree = "<group>"; };
/* End PBXFileReference section */

/* Begin PBXFrameworksBuildPhase section */
		B66909EF262A7CD600E86353 /* Frameworks */ = {
			isa = PBXFrameworksBuildPhase;
			buildActionMask = 2147483647;
			files = (
				B6690A03262A7D4100E86353 /* audio_editor_core.framework in Frameworks */,
				B6690A05262A7D4100E86353 /* audio.framework in Frameworks */,
				B6690A07262A7D4100E86353 /* cpp_utils.framework in Frameworks */,
				B6690A09262A7D4100E86353 /* db.framework in Frameworks */,
				B6690A0B262A7D4100E86353 /* objc_utils.framework in Frameworks */,
				B6690A0D262A7D4100E86353 /* observing.framework in Frameworks */,
				B6690A0F262A7D4100E86353 /* playing.framework in Frameworks */,
				B6690A11262A7D4100E86353 /* processing.framework in Frameworks */,
				B6690A13262A7D4100E86353 /* ui.framework in Frameworks */,
			);
			runOnlyForDeploymentPostprocessing = 0;
		};
/* End PBXFrameworksBuildPhase section */

/* Begin PBXGroup section */
		B666CE412634FF3900C1693D /* utils */ = {
			isa = PBXGroup;
			children = (
				B666CE1926342B4100C1693D /* ae_test_utils.cpp */,
				B666CE1A26342B4100C1693D /* ae_test_utils.h */,
			);
			path = utils;
			sourceTree = "<group>";
		};
		B66909E7262A7CC700E86353 = {
			isa = PBXGroup;
			children = (
				B66909F4262A7CD600E86353 /* audio_editor_mac_tests */,
				B66909F3262A7CD600E86353 /* Products */,
				B6690A01262A7D4100E86353 /* Frameworks */,
			);
			sourceTree = "<group>";
		};
		B66909F3262A7CD600E86353 /* Products */ = {
			isa = PBXGroup;
			children = (
				B66909F2262A7CD600E86353 /* audio_editor_mac_tests.xctest */,
			);
			name = Products;
			sourceTree = "<group>";
		};
		B66909F4262A7CD600E86353 /* audio_editor_mac_tests */ = {
			isa = PBXGroup;
			children = (
				B666CE412634FF3900C1693D /* utils */,
				B66909FE262A7D2F00E86353 /* ae_app_tests.mm */,
				B69708FC263A5FCA0045E975 /* ae_file_importer_tests.mm */,
				B69708F62639B1060045E975 /* ae_file_importer_resource_tests.mm */,
				B668BE2F262F3B700021AD20 /* ae_project_pool_tests.mm */,
				B69CF572262AC98D007A0A75 /* ae_project_tests.mm */,
				B666CDF22634152600C1693D /* ae_system_url_tests.mm */,
				B666CE3C2634FEF300C1693D /* ae_uuid_generator_tests.mm */,
				B64E2120263C44A300B1BF51 /* ae_file_loader_tests.mm */,
				B6604F8D26476FD5003439F1 /* ae_file_track_tests.mm */,
				B61E3235264ACAC9000DB2B1 /* ae_file_module_tests.mm */,
				B61E3241264ACD42000DB2B1 /* ae_file_module_utils_tests.mm */,
				B64E94FE2653F29F0056F511 /* ae_marker_pool_tests.mm */,
				B69C68A42672615800C1083F /* ae_ui_layout_utils_tests.mm */,
				B6BEFE97267DD76B002B6894 /* ae_editing_root_presenter_utils_tests.mm */,
				B6B563CA271BD5A00003ED60 /* ae_common_utils_tests.mm */,
				B6E77A7F275090DF00B6521E /* ae_pasteboard_tests.mm */,
				B6E77A812750912700B6521E /* ae_pasting_file_module_tests.mm */,
				B666F17D275A50B90040D306 /* ae_display_space_tests.mm */,
				B666F187275B059F0040D306 /* ae_identifier_tests.mm */,
				B666F18F275C9C5A0040D306 /* ae_module_location_pool_tests.mm */,
				B66909F7262A7CD600E86353 /* Info.plist */,
			);
			path = audio_editor_mac_tests;
			sourceTree = "<group>";
		};
		B6690A01262A7D4100E86353 /* Frameworks */ = {
			isa = PBXGroup;
			children = (
				B6690A02262A7D4100E86353 /* audio_editor_core.framework */,
				B6690A04262A7D4100E86353 /* audio.framework */,
				B6690A06262A7D4100E86353 /* cpp_utils.framework */,
				B6690A08262A7D4100E86353 /* db.framework */,
				B6690A0A262A7D4100E86353 /* objc_utils.framework */,
				B6690A0C262A7D4100E86353 /* observing.framework */,
				B6690A0E262A7D4100E86353 /* playing.framework */,
				B6690A10262A7D4100E86353 /* processing.framework */,
				B6690A12262A7D4100E86353 /* ui.framework */,
			);
			name = Frameworks;
			sourceTree = "<group>";
		};
/* End PBXGroup section */

/* Begin PBXNativeTarget section */
		B66909F1262A7CD600E86353 /* audio_editor_mac_tests */ = {
			isa = PBXNativeTarget;
			buildConfigurationList = B66909F8262A7CD600E86353 /* Build configuration list for PBXNativeTarget "audio_editor_mac_tests" */;
			buildPhases = (
				B66909EE262A7CD600E86353 /* Sources */,
				B66909EF262A7CD600E86353 /* Frameworks */,
				B66909F0262A7CD600E86353 /* Resources */,
			);
			buildRules = (
			);
			dependencies = (
			);
			name = audio_editor_mac_tests;
			productName = audio_editor_mac_tests;
			productReference = B66909F2262A7CD600E86353 /* audio_editor_mac_tests.xctest */;
			productType = "com.apple.product-type.bundle.unit-test";
		};
/* End PBXNativeTarget section */

/* Begin PBXProject section */
		B66909E8262A7CC700E86353 /* Project object */ = {
			isa = PBXProject;
			attributes = {
				LastUpgradeCheck = 1240;
				TargetAttributes = {
					B66909F1262A7CD600E86353 = {
						CreatedOnToolsVersion = 12.4;
					};
				};
			};
			buildConfigurationList = B66909EB262A7CC700E86353 /* Build configuration list for PBXProject "audio_editor_mac_tests" */;
			compatibilityVersion = "Xcode 9.3";
			developmentRegion = en;
			hasScannedForEncodings = 0;
			knownRegions = (
				en,
				Base,
			);
			mainGroup = B66909E7262A7CC700E86353;
			productRefGroup = B66909F3262A7CD600E86353 /* Products */;
			projectDirPath = "";
			projectRoot = "";
			targets = (
				B66909F1262A7CD600E86353 /* audio_editor_mac_tests */,
			);
		};
/* End PBXProject section */

/* Begin PBXResourcesBuildPhase section */
		B66909F0262A7CD600E86353 /* Resources */ = {
			isa = PBXResourcesBuildPhase;
			buildActionMask = 2147483647;
			files = (
			);
			runOnlyForDeploymentPostprocessing = 0;
		};
/* End PBXResourcesBuildPhase section */

/* Begin PBXSourcesBuildPhase section */
		B66909EE262A7CD600E86353 /* Sources */ = {
			isa = PBXSourcesBuildPhase;
			buildActionMask = 2147483647;
			files = (
				B668BE30262F3B700021AD20 /* ae_project_pool_tests.mm in Sources */,
				B69708F72639B1060045E975 /* ae_file_importer_resource_tests.mm in Sources */,
				B6B563CB271BD5A00003ED60 /* ae_common_utils_tests.mm in Sources */,
				B66909FF262A7D2F00E86353 /* ae_app_tests.mm in Sources */,
				B6E77A80275090DF00B6521E /* ae_pasteboard_tests.mm in Sources */,
				B69C68A52672615800C1083F /* ae_ui_layout_utils_tests.mm in Sources */,
				B61E3242264ACD42000DB2B1 /* ae_file_module_utils_tests.mm in Sources */,
				B69708FD263A5FCA0045E975 /* ae_file_importer_tests.mm in Sources */,
				B666CE3D2634FEF300C1693D /* ae_uuid_generator_tests.mm in Sources */,
				B64E2121263C44A300B1BF51 /* ae_file_loader_tests.mm in Sources */,
				B666CDF32634152600C1693D /* ae_system_url_tests.mm in Sources */,
				B666F17E275A50B90040D306 /* ae_display_space_tests.mm in Sources */,
				B666CE1B26342B4100C1693D /* ae_test_utils.cpp in Sources */,
				B69CF573262AC98D007A0A75 /* ae_project_tests.mm in Sources */,
				B6604F8E26476FD5003439F1 /* ae_file_track_tests.mm in Sources */,
				B6E77A822750912700B6521E /* ae_pasting_file_module_tests.mm in Sources */,
				B6BEFE98267DD76B002B6894 /* ae_editing_root_presenter_utils_tests.mm in Sources */,
				B64E94FF2653F29F0056F511 /* ae_marker_pool_tests.mm in Sources */,
				B666F188275B059F0040D306 /* ae_identifier_tests.mm in Sources */,
				B666F190275C9C5A0040D306 /* ae_module_location_pool_tests.mm in Sources */,
				B61E3236264ACAC9000DB2B1 /* ae_file_module_tests.mm in Sources */,
			);
			runOnlyForDeploymentPostprocessing = 0;
		};
/* End PBXSourcesBuildPhase section */

/* Begin XCBuildConfiguration section */
		B66909EC262A7CC700E86353 /* Debug */ = {
			isa = XCBuildConfiguration;
			buildSettings = {
				CLANG_WARN_BLOCK_CAPTURE_AUTORELEASING = YES;
				CLANG_WARN_BOOL_CONVERSION = YES;
				CLANG_WARN_COMMA = YES;
				CLANG_WARN_CONSTANT_CONVERSION = YES;
				CLANG_WARN_DEPRECATED_OBJC_IMPLEMENTATIONS = YES;
				CLANG_WARN_EMPTY_BODY = YES;
				CLANG_WARN_ENUM_CONVERSION = YES;
				CLANG_WARN_INFINITE_RECURSION = YES;
				CLANG_WARN_INT_CONVERSION = YES;
				CLANG_WARN_NON_LITERAL_NULL_CONVERSION = YES;
				CLANG_WARN_OBJC_IMPLICIT_RETAIN_SELF = YES;
				CLANG_WARN_OBJC_LITERAL_CONVERSION = YES;
				CLANG_WARN_QUOTED_INCLUDE_IN_FRAMEWORK_HEADER = YES;
				CLANG_WARN_RANGE_LOOP_ANALYSIS = YES;
				CLANG_WARN_STRICT_PROTOTYPES = YES;
				CLANG_WARN_SUSPICIOUS_MOVE = YES;
				CLANG_WARN_UNREACHABLE_CODE = YES;
				CLANG_WARN__DUPLICATE_METHOD_MATCH = YES;
				ENABLE_STRICT_OBJC_MSGSEND = YES;
				ENABLE_TESTABILITY = YES;
				GCC_NO_COMMON_BLOCKS = YES;
				GCC_WARN_64_TO_32_BIT_CONVERSION = YES;
				GCC_WARN_ABOUT_RETURN_TYPE = YES;
				GCC_WARN_UNDECLARED_SELECTOR = YES;
				GCC_WARN_UNINITIALIZED_AUTOS = YES;
				GCC_WARN_UNUSED_FUNCTION = YES;
				GCC_WARN_UNUSED_VARIABLE = YES;
				MACOSX_DEPLOYMENT_TARGET = 10.15;
				ONLY_ACTIVE_ARCH = YES;
			};
			name = Debug;
		};
		B66909ED262A7CC700E86353 /* Release */ = {
			isa = XCBuildConfiguration;
			buildSettings = {
				CLANG_WARN_BLOCK_CAPTURE_AUTORELEASING = YES;
				CLANG_WARN_BOOL_CONVERSION = YES;
				CLANG_WARN_COMMA = YES;
				CLANG_WARN_CONSTANT_CONVERSION = YES;
				CLANG_WARN_DEPRECATED_OBJC_IMPLEMENTATIONS = YES;
				CLANG_WARN_EMPTY_BODY = YES;
				CLANG_WARN_ENUM_CONVERSION = YES;
				CLANG_WARN_INFINITE_RECURSION = YES;
				CLANG_WARN_INT_CONVERSION = YES;
				CLANG_WARN_NON_LITERAL_NULL_CONVERSION = YES;
				CLANG_WARN_OBJC_IMPLICIT_RETAIN_SELF = YES;
				CLANG_WARN_OBJC_LITERAL_CONVERSION = YES;
				CLANG_WARN_QUOTED_INCLUDE_IN_FRAMEWORK_HEADER = YES;
				CLANG_WARN_RANGE_LOOP_ANALYSIS = YES;
				CLANG_WARN_STRICT_PROTOTYPES = YES;
				CLANG_WARN_SUSPICIOUS_MOVE = YES;
				CLANG_WARN_UNREACHABLE_CODE = YES;
				CLANG_WARN__DUPLICATE_METHOD_MATCH = YES;
				ENABLE_STRICT_OBJC_MSGSEND = YES;
				GCC_NO_COMMON_BLOCKS = YES;
				GCC_WARN_64_TO_32_BIT_CONVERSION = YES;
				GCC_WARN_ABOUT_RETURN_TYPE = YES;
				GCC_WARN_UNDECLARED_SELECTOR = YES;
				GCC_WARN_UNINITIALIZED_AUTOS = YES;
				GCC_WARN_UNUSED_FUNCTION = YES;
				GCC_WARN_UNUSED_VARIABLE = YES;
				MACOSX_DEPLOYMENT_TARGET = 10.15;
			};
			name = Release;
		};
		B66909F9262A7CD600E86353 /* Debug */ = {
			isa = XCBuildConfiguration;
			buildSettings = {
				ALWAYS_SEARCH_USER_PATHS = NO;
				CLANG_ANALYZER_NONNULL = YES;
				CLANG_ANALYZER_NUMBER_OBJECT_CONVERSION = YES_AGGRESSIVE;
				CLANG_CXX_LANGUAGE_STANDARD = "gnu++20";
				CLANG_CXX_LIBRARY = "libc++";
				CLANG_ENABLE_MODULES = YES;
				CLANG_ENABLE_OBJC_ARC = YES;
				CLANG_ENABLE_OBJC_WEAK = YES;
				CLANG_WARN_BLOCK_CAPTURE_AUTORELEASING = YES;
				CLANG_WARN_BOOL_CONVERSION = YES;
				CLANG_WARN_COMMA = YES;
				CLANG_WARN_CONSTANT_CONVERSION = YES;
				CLANG_WARN_DEPRECATED_OBJC_IMPLEMENTATIONS = YES;
				CLANG_WARN_DIRECT_OBJC_ISA_USAGE = YES_ERROR;
				CLANG_WARN_DOCUMENTATION_COMMENTS = YES;
				CLANG_WARN_EMPTY_BODY = YES;
				CLANG_WARN_ENUM_CONVERSION = YES;
				CLANG_WARN_INFINITE_RECURSION = YES;
				CLANG_WARN_INT_CONVERSION = YES;
				CLANG_WARN_NON_LITERAL_NULL_CONVERSION = YES;
				CLANG_WARN_OBJC_IMPLICIT_RETAIN_SELF = YES;
				CLANG_WARN_OBJC_LITERAL_CONVERSION = YES;
				CLANG_WARN_OBJC_ROOT_CLASS = YES_ERROR;
				CLANG_WARN_QUOTED_INCLUDE_IN_FRAMEWORK_HEADER = YES;
				CLANG_WARN_RANGE_LOOP_ANALYSIS = YES;
				CLANG_WARN_STRICT_PROTOTYPES = YES;
				CLANG_WARN_SUSPICIOUS_MOVE = YES;
				CLANG_WARN_UNGUARDED_AVAILABILITY = YES_AGGRESSIVE;
				CLANG_WARN_UNREACHABLE_CODE = YES;
				CLANG_WARN__DUPLICATE_METHOD_MATCH = YES;
				CODE_SIGN_IDENTITY = "-";
				CODE_SIGN_STYLE = Automatic;
				COMBINE_HIDPI_IMAGES = YES;
				COPY_PHASE_STRIP = NO;
				DEBUG_INFORMATION_FORMAT = dwarf;
				DEVELOPMENT_TEAM = WVVR5YE53F;
				ENABLE_STRICT_OBJC_MSGSEND = YES;
				ENABLE_TESTABILITY = YES;
				GCC_C_LANGUAGE_STANDARD = gnu11;
				GCC_DYNAMIC_NO_PIC = NO;
				GCC_NO_COMMON_BLOCKS = YES;
				GCC_OPTIMIZATION_LEVEL = 0;
				GCC_PREPROCESSOR_DEFINITIONS = (
					"DEBUG=1",
					"$(inherited)",
				);
				GCC_WARN_64_TO_32_BIT_CONVERSION = YES;
				GCC_WARN_ABOUT_RETURN_TYPE = YES_ERROR;
				GCC_WARN_UNDECLARED_SELECTOR = YES;
				GCC_WARN_UNINITIALIZED_AUTOS = YES_AGGRESSIVE;
				GCC_WARN_UNUSED_FUNCTION = YES;
				GCC_WARN_UNUSED_VARIABLE = YES;
				INFOPLIST_FILE = audio_editor_mac_tests/Info.plist;
				LD_RUNPATH_SEARCH_PATHS = (
					"$(inherited)",
					"@executable_path/../Frameworks",
					"@loader_path/../Frameworks",
				);
				MTL_ENABLE_DEBUG_INFO = INCLUDE_SOURCE;
				MTL_FAST_MATH = YES;
				ONLY_ACTIVE_ARCH = YES;
				PRODUCT_BUNDLE_IDENTIFIER = "jp.objective-audio.audio-editor-mac-tests";
				PRODUCT_NAME = "$(TARGET_NAME)";
				SDKROOT = macosx;
			};
			name = Debug;
		};
		B66909FA262A7CD600E86353 /* Release */ = {
			isa = XCBuildConfiguration;
			buildSettings = {
				ALWAYS_SEARCH_USER_PATHS = NO;
				CLANG_ANALYZER_NONNULL = YES;
				CLANG_ANALYZER_NUMBER_OBJECT_CONVERSION = YES_AGGRESSIVE;
				CLANG_CXX_LANGUAGE_STANDARD = "gnu++20";
				CLANG_CXX_LIBRARY = "libc++";
				CLANG_ENABLE_MODULES = YES;
				CLANG_ENABLE_OBJC_ARC = YES;
				CLANG_ENABLE_OBJC_WEAK = YES;
				CLANG_WARN_BLOCK_CAPTURE_AUTORELEASING = YES;
				CLANG_WARN_BOOL_CONVERSION = YES;
				CLANG_WARN_COMMA = YES;
				CLANG_WARN_CONSTANT_CONVERSION = YES;
				CLANG_WARN_DEPRECATED_OBJC_IMPLEMENTATIONS = YES;
				CLANG_WARN_DIRECT_OBJC_ISA_USAGE = YES_ERROR;
				CLANG_WARN_DOCUMENTATION_COMMENTS = YES;
				CLANG_WARN_EMPTY_BODY = YES;
				CLANG_WARN_ENUM_CONVERSION = YES;
				CLANG_WARN_INFINITE_RECURSION = YES;
				CLANG_WARN_INT_CONVERSION = YES;
				CLANG_WARN_NON_LITERAL_NULL_CONVERSION = YES;
				CLANG_WARN_OBJC_IMPLICIT_RETAIN_SELF = YES;
				CLANG_WARN_OBJC_LITERAL_CONVERSION = YES;
				CLANG_WARN_OBJC_ROOT_CLASS = YES_ERROR;
				CLANG_WARN_QUOTED_INCLUDE_IN_FRAMEWORK_HEADER = YES;
				CLANG_WARN_RANGE_LOOP_ANALYSIS = YES;
				CLANG_WARN_STRICT_PROTOTYPES = YES;
				CLANG_WARN_SUSPICIOUS_MOVE = YES;
				CLANG_WARN_UNGUARDED_AVAILABILITY = YES_AGGRESSIVE;
				CLANG_WARN_UNREACHABLE_CODE = YES;
				CLANG_WARN__DUPLICATE_METHOD_MATCH = YES;
				CODE_SIGN_IDENTITY = "-";
				CODE_SIGN_STYLE = Automatic;
				COMBINE_HIDPI_IMAGES = YES;
				COPY_PHASE_STRIP = NO;
				DEBUG_INFORMATION_FORMAT = "dwarf-with-dsym";
				DEVELOPMENT_TEAM = WVVR5YE53F;
				ENABLE_NS_ASSERTIONS = NO;
				ENABLE_STRICT_OBJC_MSGSEND = YES;
				GCC_C_LANGUAGE_STANDARD = gnu11;
				GCC_NO_COMMON_BLOCKS = YES;
				GCC_WARN_64_TO_32_BIT_CONVERSION = YES;
				GCC_WARN_ABOUT_RETURN_TYPE = YES_ERROR;
				GCC_WARN_UNDECLARED_SELECTOR = YES;
				GCC_WARN_UNINITIALIZED_AUTOS = YES_AGGRESSIVE;
				GCC_WARN_UNUSED_FUNCTION = YES;
				GCC_WARN_UNUSED_VARIABLE = YES;
				INFOPLIST_FILE = audio_editor_mac_tests/Info.plist;
				LD_RUNPATH_SEARCH_PATHS = (
					"$(inherited)",
					"@executable_path/../Frameworks",
					"@loader_path/../Frameworks",
				);
				MTL_ENABLE_DEBUG_INFO = NO;
				MTL_FAST_MATH = YES;
				PRODUCT_BUNDLE_IDENTIFIER = "jp.objective-audio.audio-editor-mac-tests";
				PRODUCT_NAME = "$(TARGET_NAME)";
				SDKROOT = macosx;
			};
			name = Release;
		};
/* End XCBuildConfiguration section */

/* Begin XCConfigurationList section */
		B66909EB262A7CC700E86353 /* Build configuration list for PBXProject "audio_editor_mac_tests" */ = {
			isa = XCConfigurationList;
			buildConfigurations = (
				B66909EC262A7CC700E86353 /* Debug */,
				B66909ED262A7CC700E86353 /* Release */,
			);
			defaultConfigurationIsVisible = 0;
			defaultConfigurationName = Release;
		};
		B66909F8262A7CD600E86353 /* Build configuration list for PBXNativeTarget "audio_editor_mac_tests" */ = {
			isa = XCConfigurationList;
			buildConfigurations = (
				B66909F9262A7CD600E86353 /* Debug */,
				B66909FA262A7CD600E86353 /* Release */,
			);
			defaultConfigurationIsVisible = 0;
			defaultConfigurationName = Release;
		};
/* End XCConfigurationList section */
	};
	rootObject = B66909E8262A7CC700E86353 /* Project object */;
}
